// !$*UTF8*$!
{
	archiveVersion = 1;
	classes = {
	};
	objectVersion = 56;
	objects = {

/* Begin PBXBuildFile section */
		471145CE2A0E23CC00AED0DC /* RoomFloatingChatViewController.swift in Sources */ = {isa = PBXBuildFile; fileRef = 471145CD2A0E23CC00AED0DC /* RoomFloatingChatViewController.swift */; };
		471145D02A0E321800AED0DC /* NewQuestViewModel.swift in Sources */ = {isa = PBXBuildFile; fileRef = 471145CF2A0E321800AED0DC /* NewQuestViewModel.swift */; };
		47117C9F29C2F391001707C8 /* RoomModel.swift in Sources */ = {isa = PBXBuildFile; fileRef = 47117C9E29C2F391001707C8 /* RoomModel.swift */; };
		47117CA529C72EB3001707C8 /* ResultViewController.swift in Sources */ = {isa = PBXBuildFile; fileRef = 47117CA429C72EB3001707C8 /* ResultViewController.swift */; };
		47117CA729C72EC6001707C8 /* ResultViewModel.swift in Sources */ = {isa = PBXBuildFile; fileRef = 47117CA629C72EC6001707C8 /* ResultViewModel.swift */; };
		47117CAB29C74DCB001707C8 /* ResultChatView.swift in Sources */ = {isa = PBXBuildFile; fileRef = 47117CAA29C74DCB001707C8 /* ResultChatView.swift */; };
		47117CAE29CB0367001707C8 /* FloatingPanel in Frameworks */ = {isa = PBXBuildFile; productRef = 47117CAD29CB0367001707C8 /* FloatingPanel */; };
		47117CB029CB0487001707C8 /* FloatingChatViewController.swift in Sources */ = {isa = PBXBuildFile; fileRef = 47117CAF29CB0487001707C8 /* FloatingChatViewController.swift */; };
		47117CB229CB1E83001707C8 /* FloatingChatTableViewCell.swift in Sources */ = {isa = PBXBuildFile; fileRef = 47117CB129CB1E83001707C8 /* FloatingChatTableViewCell.swift */; };
		47117CB429CB2E0B001707C8 /* SelfSizingTableView.swift in Sources */ = {isa = PBXBuildFile; fileRef = 47117CB329CB2E0B001707C8 /* SelfSizingTableView.swift */; };
		47117CE429CD92C9001707C8 /* LoginViewController.swift in Sources */ = {isa = PBXBuildFile; fileRef = 47117CE329CD92C9001707C8 /* LoginViewController.swift */; };
		47117CE629CD92D5001707C8 /* LoginViewModel.swift in Sources */ = {isa = PBXBuildFile; fileRef = 47117CE529CD92D5001707C8 /* LoginViewModel.swift */; };
		47117CF129CD9A1C001707C8 /* KakaoSDK in Frameworks */ = {isa = PBXBuildFile; productRef = 47117CF029CD9A1C001707C8 /* KakaoSDK */; };
		47194E7D29D94DA900671360 /* NewQuestViewController.swift in Sources */ = {isa = PBXBuildFile; fileRef = 47194E7C29D94DA900671360 /* NewQuestViewController.swift */; };
		473B739429CEDC0F00B33C77 /* MyResultViewController.swift in Sources */ = {isa = PBXBuildFile; fileRef = 473B739329CEDC0F00B33C77 /* MyResultViewController.swift */; };
		473B739629CEDCBE00B33C77 /* MyResultTableViewCell.swift in Sources */ = {isa = PBXBuildFile; fileRef = 473B739529CEDCBE00B33C77 /* MyResultTableViewCell.swift */; };
		473B739829CEE3CC00B33C77 /* MyResultViewModel.swift in Sources */ = {isa = PBXBuildFile; fileRef = 473B739729CEE3CC00B33C77 /* MyResultViewModel.swift */; };
		473B739A29CEE41100B33C77 /* ViewModelType.swift in Sources */ = {isa = PBXBuildFile; fileRef = 473B739929CEE41100B33C77 /* ViewModelType.swift */; };
		473B739D29CEE52500B33C77 /* MyResultModel.swift in Sources */ = {isa = PBXBuildFile; fileRef = 473B739C29CEE52500B33C77 /* MyResultModel.swift */; };
		473B73A129CEF15E00B33C77 /* HintViewController.swift in Sources */ = {isa = PBXBuildFile; fileRef = 473B73A029CEF15D00B33C77 /* HintViewController.swift */; };
		473B73A329D029A200B33C77 /* TermsViewController.swift in Sources */ = {isa = PBXBuildFile; fileRef = 473B73A229D029A200B33C77 /* TermsViewController.swift */; };
		473B73A629D0364000B33C77 /* LoginDataManger.swift in Sources */ = {isa = PBXBuildFile; fileRef = 473B73A529D0364000B33C77 /* LoginDataManger.swift */; };
		473B73A829D18A1700B33C77 /* TermsViewModel.swift in Sources */ = {isa = PBXBuildFile; fileRef = 473B73A729D18A1700B33C77 /* TermsViewModel.swift */; };
		4749D47429B9B99400011E06 /* NotoSansKR-Black.otf in Resources */ = {isa = PBXBuildFile; fileRef = 4749D46E29B9B99300011E06 /* NotoSansKR-Black.otf */; };
		4749D47529B9B99400011E06 /* NotoSansKR-Medium.otf in Resources */ = {isa = PBXBuildFile; fileRef = 4749D46F29B9B99400011E06 /* NotoSansKR-Medium.otf */; };
		4749D47629B9B99400011E06 /* NotoSansKR-Thin.otf in Resources */ = {isa = PBXBuildFile; fileRef = 4749D47029B9B99400011E06 /* NotoSansKR-Thin.otf */; };
		4749D47729B9B99400011E06 /* NotoSansKR-Bold.otf in Resources */ = {isa = PBXBuildFile; fileRef = 4749D47129B9B99400011E06 /* NotoSansKR-Bold.otf */; };
		4749D47829B9B99400011E06 /* NotoSansKR-Light.otf in Resources */ = {isa = PBXBuildFile; fileRef = 4749D47229B9B99400011E06 /* NotoSansKR-Light.otf */; };
		4749D47929B9B99400011E06 /* NotoSansKR-Regular.otf in Resources */ = {isa = PBXBuildFile; fileRef = 4749D47329B9B99400011E06 /* NotoSansKR-Regular.otf */; };
		4749D47B29B9BB3300011E06 /* UIImage.swift in Sources */ = {isa = PBXBuildFile; fileRef = 4749D47A29B9BB3300011E06 /* UIImage.swift */; };
		4749D48429BDEECE00011E06 /* RoomViewController.swift in Sources */ = {isa = PBXBuildFile; fileRef = 4749D48329BDEECE00011E06 /* RoomViewController.swift */; };
		4749D48629BDEEF500011E06 /* RoomPeopleTableViewCell.swift in Sources */ = {isa = PBXBuildFile; fileRef = 4749D48529BDEEF500011E06 /* RoomPeopleTableViewCell.swift */; };
		4749D48929BEEE0E00011E06 /* RoomViewModel.swift in Sources */ = {isa = PBXBuildFile; fileRef = 4749D48829BEEE0D00011E06 /* RoomViewModel.swift */; };
		4749D48D29C06C7400011E06 /* RoomTopView.swift in Sources */ = {isa = PBXBuildFile; fileRef = 4749D48C29C06C7400011E06 /* RoomTopView.swift */; };
		4749D48F29C0708000011E06 /* RoomBottomView.swift in Sources */ = {isa = PBXBuildFile; fileRef = 4749D48E29C0707F00011E06 /* RoomBottomView.swift */; };
		47548E3C2A1E2AE700A5BB40 /* ChattingRoomViewModel.swift in Sources */ = {isa = PBXBuildFile; fileRef = 47548E3B2A1E2AE700A5BB40 /* ChattingRoomViewModel.swift */; };
		47665AD62A1C889D00A95154 /* ChattingRoomViewController.swift in Sources */ = {isa = PBXBuildFile; fileRef = 47665AD52A1C889D00A95154 /* ChattingRoomViewController.swift */; };
		47CC89552A41D1C30020246E /* NextTestViewController.swift in Sources */ = {isa = PBXBuildFile; fileRef = 47CC89542A41D1C30020246E /* NextTestViewController.swift */; };
		47CC89582A4681BB0020246E /* HttpRouter.swift in Sources */ = {isa = PBXBuildFile; fileRef = 47CC89572A4681BA0020246E /* HttpRouter.swift */; };
		47CC895A2A46829B0020246E /* HttpService.swift in Sources */ = {isa = PBXBuildFile; fileRef = 47CC89592A46829B0020246E /* HttpService.swift */; };
		47CC895E2A4684390020246E /* PointerHttpService.swift in Sources */ = {isa = PBXBuildFile; fileRef = 47CC895D2A4684390020246E /* PointerHttpService.swift */; };
		47CC89602A46844F0020246E /* PointerHttpRouter.swift in Sources */ = {isa = PBXBuildFile; fileRef = 47CC895F2A46844F0020246E /* PointerHttpRouter.swift */; };
		47CC89622A46BF110020246E /* RoomAPI.swift in Sources */ = {isa = PBXBuildFile; fileRef = 47CC89612A46BF110020246E /* RoomAPI.swift */; };
		47CC896A2A4EDD0B0020246E /* AppleUser.swift in Sources */ = {isa = PBXBuildFile; fileRef = 47CC89692A4EDD0B0020246E /* AppleUser.swift */; };
		47CC896F2A4EF51D0020246E /* Secret.swift in Sources */ = {isa = PBXBuildFile; fileRef = 47CC896E2A4EF51D0020246E /* Secret.swift */; };
		47CC89712A5015E10020246E /* CreateUserIDViewController.swift in Sources */ = {isa = PBXBuildFile; fileRef = 47CC89702A5015E10020246E /* CreateUserIDViewController.swift */; };
		47CC89732A5016D40020246E /* CreateUserIDViewModel.swift in Sources */ = {isa = PBXBuildFile; fileRef = 47CC89722A5016D40020246E /* CreateUserIDViewModel.swift */; };
		CD06677E2A04E8870003C7B4 /* ProfileViewModel.swift in Sources */ = {isa = PBXBuildFile; fileRef = CD0667792A04E8870003C7B4 /* ProfileViewModel.swift */; };
		CD06677F2A04E8870003C7B4 /* ProfileInfoView.swift in Sources */ = {isa = PBXBuildFile; fileRef = CD06677B2A04E8870003C7B4 /* ProfileInfoView.swift */; };
		CD0667802A04E8870003C7B4 /* ProfileViewController.swift in Sources */ = {isa = PBXBuildFile; fileRef = CD06677C2A04E8870003C7B4 /* ProfileViewController.swift */; };
		CD0667812A04E8870003C7B4 /* UserFriendCell.swift in Sources */ = {isa = PBXBuildFile; fileRef = CD06677D2A04E8870003C7B4 /* UserFriendCell.swift */; };
		CD0667842A04E8A60003C7B4 /* UserModel.swift in Sources */ = {isa = PBXBuildFile; fileRef = CD0667832A04E8A60003C7B4 /* UserModel.swift */; };
		CD06C77C29C0C68600A88ACD /* TextfieldCustomView.swift in Sources */ = {isa = PBXBuildFile; fileRef = CD06C77B29C0C68600A88ACD /* TextfieldCustomView.swift */; };
		CD07E59F29CE1EEE00B52885 /* NotificationViewController.swift in Sources */ = {isa = PBXBuildFile; fileRef = CD07E59E29CE1EEE00B52885 /* NotificationViewController.swift */; };
		CD07E5AA29CFFE9600B52885 /* NotificationDetailViewController.swift in Sources */ = {isa = PBXBuildFile; fileRef = CD07E5A929CFFE9600B52885 /* NotificationDetailViewController.swift */; };
		CD07E5AD29D0008300B52885 /* AllNotiCell.swift in Sources */ = {isa = PBXBuildFile; fileRef = CD07E5AC29D0008300B52885 /* AllNotiCell.swift */; };
		CD07E5AF29D000B400B52885 /* FriendsNotiCell.swift in Sources */ = {isa = PBXBuildFile; fileRef = CD07E5AE29D000B400B52885 /* FriendsNotiCell.swift */; };
		CD0EE9212A074B8F0090BF48 /* ProfileParentViewController.swift in Sources */ = {isa = PBXBuildFile; fileRef = CD0EE9202A074B8F0090BF48 /* ProfileParentViewController.swift */; };
		CD0EE9232A074C210090BF48 /* ProfileInfoParentView.swift in Sources */ = {isa = PBXBuildFile; fileRef = CD0EE9222A074C210090BF48 /* ProfileInfoParentView.swift */; };
		CD0EE9272A0788510090BF48 /* ProfileEditViewController.swift in Sources */ = {isa = PBXBuildFile; fileRef = CD0EE9262A0788510090BF48 /* ProfileEditViewController.swift */; };
		CD0EE9292A0797660090BF48 /* EditProfileInfoView.swift in Sources */ = {isa = PBXBuildFile; fileRef = CD0EE9282A0797660090BF48 /* EditProfileInfoView.swift */; };
		CD0EE92E2A0804C00090BF48 /* RxCocoa in Frameworks */ = {isa = PBXBuildFile; productRef = CD0EE92D2A0804C00090BF48 /* RxCocoa */; };
		CD0EE9302A0804C00090BF48 /* RxRelay in Frameworks */ = {isa = PBXBuildFile; productRef = CD0EE92F2A0804C00090BF48 /* RxRelay */; };
		CD0EE9322A0804C00090BF48 /* RxSwift in Frameworks */ = {isa = PBXBuildFile; productRef = CD0EE9312A0804C00090BF48 /* RxSwift */; };
		CD0EE9352A08050B0090BF48 /* RxGesture in Frameworks */ = {isa = PBXBuildFile; productRef = CD0EE9342A08050B0090BF48 /* RxGesture */; };
		CD15E17A2A1BC13C00A8E643 /* SendbirdUIKit in Frameworks */ = {isa = PBXBuildFile; productRef = CD15E1792A1BC13C00A8E643 /* SendbirdUIKit */; };
		CD23207A29B8C6EB003D0B84 /* AppDelegate.swift in Sources */ = {isa = PBXBuildFile; fileRef = CD23207929B8C6EB003D0B84 /* AppDelegate.swift */; };
		CD23207C29B8C6EB003D0B84 /* SceneDelegate.swift in Sources */ = {isa = PBXBuildFile; fileRef = CD23207B29B8C6EB003D0B84 /* SceneDelegate.swift */; };
		CD23208329B8C6EC003D0B84 /* Assets.xcassets in Resources */ = {isa = PBXBuildFile; fileRef = CD23208229B8C6EC003D0B84 /* Assets.xcassets */; };
		CD23209229B8D260003D0B84 /* BaseViewController.swift in Sources */ = {isa = PBXBuildFile; fileRef = CD23209129B8D260003D0B84 /* BaseViewController.swift */; };
		CD23209529B8D2CC003D0B84 /* Constant.swift in Sources */ = {isa = PBXBuildFile; fileRef = CD23209429B8D2CC003D0B84 /* Constant.swift */; };
		CD23209829B8D2FB003D0B84 /* UIColor.swift in Sources */ = {isa = PBXBuildFile; fileRef = CD23209729B8D2FB003D0B84 /* UIColor.swift */; };
		CD23209A29B8D8F4003D0B84 /* UIView.swift in Sources */ = {isa = PBXBuildFile; fileRef = CD23209929B8D8F4003D0B84 /* UIView.swift */; };
		CD23209C29B8D9C1003D0B84 /* BaseTabBarController.swift in Sources */ = {isa = PBXBuildFile; fileRef = CD23209B29B8D9C1003D0B84 /* BaseTabBarController.swift */; };
		CD23209E29B8DC0E003D0B84 /* BaseNavigationController.swift in Sources */ = {isa = PBXBuildFile; fileRef = CD23209D29B8DC0E003D0B84 /* BaseNavigationController.swift */; };
		CD2DBEBE29C61D28005E377C /* BetterSegmentedControl in Frameworks */ = {isa = PBXBuildFile; productRef = CD2DBEBD29C61D28005E377C /* BetterSegmentedControl */; };
		CD2DBEC229C62234005E377C /* SearchResultController.swift in Sources */ = {isa = PBXBuildFile; fileRef = CD2DBEC129C62234005E377C /* SearchResultController.swift */; };
		CD2DBEC629C62BDE005E377C /* AccountInfoCell.swift in Sources */ = {isa = PBXBuildFile; fileRef = CD2DBEC529C62BDE005E377C /* AccountInfoCell.swift */; };
		CD2DBECA29C63317005E377C /* Device.swift in Sources */ = {isa = PBXBuildFile; fileRef = CD2DBEC929C63317005E377C /* Device.swift */; };
		CD2F79BE2A0FC7910094F81F /* FriendsListViewController.swift in Sources */ = {isa = PBXBuildFile; fileRef = CD2F79BD2A0FC7910094F81F /* FriendsListViewController.swift */; };
		CD2F79C22A0FC7C80094F81F /* FriendsListViewModel.swift in Sources */ = {isa = PBXBuildFile; fileRef = CD2F79C12A0FC7C80094F81F /* FriendsListViewModel.swift */; };
		CD2F79C42A0FCB860094F81F /* FriendsListCell.swift in Sources */ = {isa = PBXBuildFile; fileRef = CD2F79C32A0FCB860094F81F /* FriendsListCell.swift */; };
		CD2F79C72A0FD34B0094F81F /* RxDataSources in Frameworks */ = {isa = PBXBuildFile; productRef = CD2F79C62A0FD34B0094F81F /* RxDataSources */; };
		CD2F79C92A0FDFC30094F81F /* FriendsListHeaderView.swift in Sources */ = {isa = PBXBuildFile; fileRef = CD2F79C82A0FDFC30094F81F /* FriendsListHeaderView.swift */; };
		CD5BCC5629F5384300DD44F7 /* PreferenceController.swift in Sources */ = {isa = PBXBuildFile; fileRef = CD5BCC5529F5384300DD44F7 /* PreferenceController.swift */; };
		CD5BCC5A29F53B5E00DD44F7 /* PreferenceModel.swift in Sources */ = {isa = PBXBuildFile; fileRef = CD5BCC5929F53B5E00DD44F7 /* PreferenceModel.swift */; };
		CD5BCC5D29F53B8500DD44F7 /* PreferenceViewModel.swift in Sources */ = {isa = PBXBuildFile; fileRef = CD5BCC5C29F53B8500DD44F7 /* PreferenceViewModel.swift */; };
		CD5BCC5F29F5423700DD44F7 /* PreferenceItemCell.swift in Sources */ = {isa = PBXBuildFile; fileRef = CD5BCC5E29F5423700DD44F7 /* PreferenceItemCell.swift */; };
		CD5BCC6129F546A500DD44F7 /* PreferenceItemHeader.swift in Sources */ = {isa = PBXBuildFile; fileRef = CD5BCC6029F546A500DD44F7 /* PreferenceItemHeader.swift */; };
		CD5BCC6329F571D700DD44F7 /* PreferenceSectionBackgroundView.swift in Sources */ = {isa = PBXBuildFile; fileRef = CD5BCC6229F571D700DD44F7 /* PreferenceSectionBackgroundView.swift */; };
		CD6BCDA629BB2D5B00DB024C /* HomeController.swift in Sources */ = {isa = PBXBuildFile; fileRef = CD6BCDA529BB2D5B00DB024C /* HomeController.swift */; };
		CD6BCDAA29BB4B5E00DB024C /* UIBarButtonItem.swift in Sources */ = {isa = PBXBuildFile; fileRef = CD6BCDA929BB4B5E00DB024C /* UIBarButtonItem.swift */; };
		CD6BCDAC29BB97B300DB024C /* RoomPreviewCell.swift in Sources */ = {isa = PBXBuildFile; fileRef = CD6BCDAB29BB97B300DB024C /* RoomPreviewCell.swift */; };
		CD7A70FF29BE23D0003E140C /* UIFont.swift in Sources */ = {isa = PBXBuildFile; fileRef = CD7A70FE29BE23D0003E140C /* UIFont.swift */; };
		CD90B48A29BE327700772192 /* PointerAlert.swift in Sources */ = {isa = PBXBuildFile; fileRef = CD90B48929BE327700772192 /* PointerAlert.swift */; };
		CD94B8C92A0BEF4300D0BC7F /* EditUserIDViewModel.swift in Sources */ = {isa = PBXBuildFile; fileRef = CD94B8C82A0BEF4300D0BC7F /* EditUserIDViewModel.swift */; };
		CDC51EC929C4EB0C00E8BC58 /* SearchController.swift in Sources */ = {isa = PBXBuildFile; fileRef = CDC51EC829C4EB0C00E8BC58 /* SearchController.swift */; };
		CDD1DEE029B9FE2600B03973 /* SnapKit in Frameworks */ = {isa = PBXBuildFile; productRef = CDD1DEDF29B9FE2600B03973 /* SnapKit */; };
		CDD1DEEE29B9FFFE00B03973 /* Kingfisher in Frameworks */ = {isa = PBXBuildFile; productRef = CDD1DEED29B9FFFE00B03973 /* Kingfisher */; };
		CDEC90512A0A80B100EA437D /* IQKeyboardManagerSwift in Frameworks */ = {isa = PBXBuildFile; productRef = CDEC90502A0A80B100EA437D /* IQKeyboardManagerSwift */; };
		CDEC90542A0A81BC00EA437D /* EditUserIDViewController.swift in Sources */ = {isa = PBXBuildFile; fileRef = CDEC90532A0A81BC00EA437D /* EditUserIDViewController.swift */; };
/* End PBXBuildFile section */

/* Begin PBXFileReference section */
		471145CD2A0E23CC00AED0DC /* RoomFloatingChatViewController.swift */ = {isa = PBXFileReference; lastKnownFileType = sourcecode.swift; path = RoomFloatingChatViewController.swift; sourceTree = "<group>"; };
		471145CF2A0E321800AED0DC /* NewQuestViewModel.swift */ = {isa = PBXFileReference; lastKnownFileType = sourcecode.swift; path = NewQuestViewModel.swift; sourceTree = "<group>"; };
		47117C9E29C2F391001707C8 /* RoomModel.swift */ = {isa = PBXFileReference; lastKnownFileType = sourcecode.swift; path = RoomModel.swift; sourceTree = "<group>"; };
		47117CA429C72EB3001707C8 /* ResultViewController.swift */ = {isa = PBXFileReference; lastKnownFileType = sourcecode.swift; path = ResultViewController.swift; sourceTree = "<group>"; };
		47117CA629C72EC6001707C8 /* ResultViewModel.swift */ = {isa = PBXFileReference; lastKnownFileType = sourcecode.swift; path = ResultViewModel.swift; sourceTree = "<group>"; };
		47117CAA29C74DCB001707C8 /* ResultChatView.swift */ = {isa = PBXFileReference; lastKnownFileType = sourcecode.swift; path = ResultChatView.swift; sourceTree = "<group>"; };
		47117CAF29CB0487001707C8 /* FloatingChatViewController.swift */ = {isa = PBXFileReference; lastKnownFileType = sourcecode.swift; path = FloatingChatViewController.swift; sourceTree = "<group>"; };
		47117CB129CB1E83001707C8 /* FloatingChatTableViewCell.swift */ = {isa = PBXFileReference; lastKnownFileType = sourcecode.swift; path = FloatingChatTableViewCell.swift; sourceTree = "<group>"; };
		47117CB329CB2E0B001707C8 /* SelfSizingTableView.swift */ = {isa = PBXFileReference; lastKnownFileType = sourcecode.swift; path = SelfSizingTableView.swift; sourceTree = "<group>"; };
		47117CE329CD92C9001707C8 /* LoginViewController.swift */ = {isa = PBXFileReference; lastKnownFileType = sourcecode.swift; path = LoginViewController.swift; sourceTree = "<group>"; };
		47117CE529CD92D5001707C8 /* LoginViewModel.swift */ = {isa = PBXFileReference; lastKnownFileType = sourcecode.swift; path = LoginViewModel.swift; sourceTree = "<group>"; };
		47194E7C29D94DA900671360 /* NewQuestViewController.swift */ = {isa = PBXFileReference; lastKnownFileType = sourcecode.swift; path = NewQuestViewController.swift; sourceTree = "<group>"; };
		473B739329CEDC0F00B33C77 /* MyResultViewController.swift */ = {isa = PBXFileReference; lastKnownFileType = sourcecode.swift; path = MyResultViewController.swift; sourceTree = "<group>"; };
		473B739529CEDCBE00B33C77 /* MyResultTableViewCell.swift */ = {isa = PBXFileReference; lastKnownFileType = sourcecode.swift; path = MyResultTableViewCell.swift; sourceTree = "<group>"; };
		473B739729CEE3CC00B33C77 /* MyResultViewModel.swift */ = {isa = PBXFileReference; lastKnownFileType = sourcecode.swift; path = MyResultViewModel.swift; sourceTree = "<group>"; };
		473B739929CEE41100B33C77 /* ViewModelType.swift */ = {isa = PBXFileReference; lastKnownFileType = sourcecode.swift; path = ViewModelType.swift; sourceTree = "<group>"; };
		473B739C29CEE52500B33C77 /* MyResultModel.swift */ = {isa = PBXFileReference; lastKnownFileType = sourcecode.swift; path = MyResultModel.swift; sourceTree = "<group>"; };
		473B73A029CEF15D00B33C77 /* HintViewController.swift */ = {isa = PBXFileReference; lastKnownFileType = sourcecode.swift; path = HintViewController.swift; sourceTree = "<group>"; };
		473B73A229D029A200B33C77 /* TermsViewController.swift */ = {isa = PBXFileReference; lastKnownFileType = sourcecode.swift; path = TermsViewController.swift; sourceTree = "<group>"; };
		473B73A529D0364000B33C77 /* LoginDataManger.swift */ = {isa = PBXFileReference; lastKnownFileType = sourcecode.swift; path = LoginDataManger.swift; sourceTree = "<group>"; };
		473B73A729D18A1700B33C77 /* TermsViewModel.swift */ = {isa = PBXFileReference; lastKnownFileType = sourcecode.swift; path = TermsViewModel.swift; sourceTree = "<group>"; };
		4749D46E29B9B99300011E06 /* NotoSansKR-Black.otf */ = {isa = PBXFileReference; lastKnownFileType = file; path = "NotoSansKR-Black.otf"; sourceTree = "<group>"; };
		4749D46F29B9B99400011E06 /* NotoSansKR-Medium.otf */ = {isa = PBXFileReference; lastKnownFileType = file; path = "NotoSansKR-Medium.otf"; sourceTree = "<group>"; };
		4749D47029B9B99400011E06 /* NotoSansKR-Thin.otf */ = {isa = PBXFileReference; lastKnownFileType = file; path = "NotoSansKR-Thin.otf"; sourceTree = "<group>"; };
		4749D47129B9B99400011E06 /* NotoSansKR-Bold.otf */ = {isa = PBXFileReference; lastKnownFileType = file; path = "NotoSansKR-Bold.otf"; sourceTree = "<group>"; };
		4749D47229B9B99400011E06 /* NotoSansKR-Light.otf */ = {isa = PBXFileReference; lastKnownFileType = file; path = "NotoSansKR-Light.otf"; sourceTree = "<group>"; };
		4749D47329B9B99400011E06 /* NotoSansKR-Regular.otf */ = {isa = PBXFileReference; lastKnownFileType = file; path = "NotoSansKR-Regular.otf"; sourceTree = "<group>"; };
		4749D47A29B9BB3300011E06 /* UIImage.swift */ = {isa = PBXFileReference; lastKnownFileType = sourcecode.swift; path = UIImage.swift; sourceTree = "<group>"; };
		4749D48329BDEECE00011E06 /* RoomViewController.swift */ = {isa = PBXFileReference; lastKnownFileType = sourcecode.swift; path = RoomViewController.swift; sourceTree = "<group>"; };
		4749D48529BDEEF500011E06 /* RoomPeopleTableViewCell.swift */ = {isa = PBXFileReference; lastKnownFileType = sourcecode.swift; path = RoomPeopleTableViewCell.swift; sourceTree = "<group>"; };
		4749D48829BEEE0D00011E06 /* RoomViewModel.swift */ = {isa = PBXFileReference; lastKnownFileType = sourcecode.swift; path = RoomViewModel.swift; sourceTree = "<group>"; };
		4749D48C29C06C7400011E06 /* RoomTopView.swift */ = {isa = PBXFileReference; lastKnownFileType = sourcecode.swift; path = RoomTopView.swift; sourceTree = "<group>"; };
		4749D48E29C0707F00011E06 /* RoomBottomView.swift */ = {isa = PBXFileReference; lastKnownFileType = sourcecode.swift; path = RoomBottomView.swift; sourceTree = "<group>"; };
		47548E3B2A1E2AE700A5BB40 /* ChattingRoomViewModel.swift */ = {isa = PBXFileReference; lastKnownFileType = sourcecode.swift; path = ChattingRoomViewModel.swift; sourceTree = "<group>"; };
		47665AD52A1C889D00A95154 /* ChattingRoomViewController.swift */ = {isa = PBXFileReference; lastKnownFileType = sourcecode.swift; path = ChattingRoomViewController.swift; sourceTree = "<group>"; };
		47CC89542A41D1C30020246E /* NextTestViewController.swift */ = {isa = PBXFileReference; lastKnownFileType = sourcecode.swift; path = NextTestViewController.swift; sourceTree = "<group>"; };
		47CC89572A4681BA0020246E /* HttpRouter.swift */ = {isa = PBXFileReference; lastKnownFileType = sourcecode.swift; path = HttpRouter.swift; sourceTree = "<group>"; };
		47CC89592A46829B0020246E /* HttpService.swift */ = {isa = PBXFileReference; lastKnownFileType = sourcecode.swift; path = HttpService.swift; sourceTree = "<group>"; };
		47CC895D2A4684390020246E /* PointerHttpService.swift */ = {isa = PBXFileReference; lastKnownFileType = sourcecode.swift; path = PointerHttpService.swift; sourceTree = "<group>"; };
		47CC895F2A46844F0020246E /* PointerHttpRouter.swift */ = {isa = PBXFileReference; lastKnownFileType = sourcecode.swift; path = PointerHttpRouter.swift; sourceTree = "<group>"; };
		47CC89612A46BF110020246E /* RoomAPI.swift */ = {isa = PBXFileReference; lastKnownFileType = sourcecode.swift; path = RoomAPI.swift; sourceTree = "<group>"; };
		47CC89672A4ED46E0020246E /* Pointer_iOS.entitlements */ = {isa = PBXFileReference; lastKnownFileType = text.plist.entitlements; path = Pointer_iOS.entitlements; sourceTree = "<group>"; };
		47CC89692A4EDD0B0020246E /* AppleUser.swift */ = {isa = PBXFileReference; lastKnownFileType = sourcecode.swift; path = AppleUser.swift; sourceTree = "<group>"; };
		47CC896E2A4EF51D0020246E /* Secret.swift */ = {isa = PBXFileReference; lastKnownFileType = sourcecode.swift; path = Secret.swift; sourceTree = "<group>"; };
		47CC89702A5015E10020246E /* CreateUserIDViewController.swift */ = {isa = PBXFileReference; lastKnownFileType = sourcecode.swift; path = CreateUserIDViewController.swift; sourceTree = "<group>"; };
		47CC89722A5016D40020246E /* CreateUserIDViewModel.swift */ = {isa = PBXFileReference; lastKnownFileType = sourcecode.swift; path = CreateUserIDViewModel.swift; sourceTree = "<group>"; };
		CD0667792A04E8870003C7B4 /* ProfileViewModel.swift */ = {isa = PBXFileReference; fileEncoding = 4; lastKnownFileType = sourcecode.swift; path = ProfileViewModel.swift; sourceTree = "<group>"; };
		CD06677B2A04E8870003C7B4 /* ProfileInfoView.swift */ = {isa = PBXFileReference; fileEncoding = 4; lastKnownFileType = sourcecode.swift; path = ProfileInfoView.swift; sourceTree = "<group>"; };
		CD06677C2A04E8870003C7B4 /* ProfileViewController.swift */ = {isa = PBXFileReference; fileEncoding = 4; lastKnownFileType = sourcecode.swift; path = ProfileViewController.swift; sourceTree = "<group>"; };
		CD06677D2A04E8870003C7B4 /* UserFriendCell.swift */ = {isa = PBXFileReference; fileEncoding = 4; lastKnownFileType = sourcecode.swift; path = UserFriendCell.swift; sourceTree = "<group>"; };
		CD0667832A04E8A60003C7B4 /* UserModel.swift */ = {isa = PBXFileReference; fileEncoding = 4; lastKnownFileType = sourcecode.swift; path = UserModel.swift; sourceTree = "<group>"; };
		CD06C77B29C0C68600A88ACD /* TextfieldCustomView.swift */ = {isa = PBXFileReference; lastKnownFileType = sourcecode.swift; path = TextfieldCustomView.swift; sourceTree = "<group>"; };
		CD07E59E29CE1EEE00B52885 /* NotificationViewController.swift */ = {isa = PBXFileReference; lastKnownFileType = sourcecode.swift; path = NotificationViewController.swift; sourceTree = "<group>"; };
		CD07E5A929CFFE9600B52885 /* NotificationDetailViewController.swift */ = {isa = PBXFileReference; lastKnownFileType = sourcecode.swift; path = NotificationDetailViewController.swift; sourceTree = "<group>"; };
		CD07E5AC29D0008300B52885 /* AllNotiCell.swift */ = {isa = PBXFileReference; lastKnownFileType = sourcecode.swift; path = AllNotiCell.swift; sourceTree = "<group>"; };
		CD07E5AE29D000B400B52885 /* FriendsNotiCell.swift */ = {isa = PBXFileReference; lastKnownFileType = sourcecode.swift; path = FriendsNotiCell.swift; sourceTree = "<group>"; };
		CD0EE9202A074B8F0090BF48 /* ProfileParentViewController.swift */ = {isa = PBXFileReference; lastKnownFileType = sourcecode.swift; path = ProfileParentViewController.swift; sourceTree = "<group>"; };
		CD0EE9222A074C210090BF48 /* ProfileInfoParentView.swift */ = {isa = PBXFileReference; lastKnownFileType = sourcecode.swift; path = ProfileInfoParentView.swift; sourceTree = "<group>"; };
		CD0EE9262A0788510090BF48 /* ProfileEditViewController.swift */ = {isa = PBXFileReference; lastKnownFileType = sourcecode.swift; path = ProfileEditViewController.swift; sourceTree = "<group>"; };
		CD0EE9282A0797660090BF48 /* EditProfileInfoView.swift */ = {isa = PBXFileReference; lastKnownFileType = sourcecode.swift; path = EditProfileInfoView.swift; sourceTree = "<group>"; };
		CD23207629B8C6EB003D0B84 /* Pointer_iOS.app */ = {isa = PBXFileReference; explicitFileType = wrapper.application; includeInIndex = 0; path = Pointer_iOS.app; sourceTree = BUILT_PRODUCTS_DIR; };
		CD23207929B8C6EB003D0B84 /* AppDelegate.swift */ = {isa = PBXFileReference; lastKnownFileType = sourcecode.swift; path = AppDelegate.swift; sourceTree = "<group>"; };
		CD23207B29B8C6EB003D0B84 /* SceneDelegate.swift */ = {isa = PBXFileReference; lastKnownFileType = sourcecode.swift; path = SceneDelegate.swift; sourceTree = "<group>"; };
		CD23208229B8C6EC003D0B84 /* Assets.xcassets */ = {isa = PBXFileReference; lastKnownFileType = folder.assetcatalog; path = Assets.xcassets; sourceTree = "<group>"; };
		CD23208729B8C6EC003D0B84 /* Info.plist */ = {isa = PBXFileReference; lastKnownFileType = text.plist.xml; path = Info.plist; sourceTree = "<group>"; };
		CD23209129B8D260003D0B84 /* BaseViewController.swift */ = {isa = PBXFileReference; lastKnownFileType = sourcecode.swift; path = BaseViewController.swift; sourceTree = "<group>"; };
		CD23209429B8D2CC003D0B84 /* Constant.swift */ = {isa = PBXFileReference; lastKnownFileType = sourcecode.swift; path = Constant.swift; sourceTree = "<group>"; };
		CD23209729B8D2FB003D0B84 /* UIColor.swift */ = {isa = PBXFileReference; lastKnownFileType = sourcecode.swift; path = UIColor.swift; sourceTree = "<group>"; };
		CD23209929B8D8F4003D0B84 /* UIView.swift */ = {isa = PBXFileReference; lastKnownFileType = sourcecode.swift; path = UIView.swift; sourceTree = "<group>"; };
		CD23209B29B8D9C1003D0B84 /* BaseTabBarController.swift */ = {isa = PBXFileReference; lastKnownFileType = sourcecode.swift; path = BaseTabBarController.swift; sourceTree = "<group>"; };
		CD23209D29B8DC0E003D0B84 /* BaseNavigationController.swift */ = {isa = PBXFileReference; lastKnownFileType = sourcecode.swift; path = BaseNavigationController.swift; sourceTree = "<group>"; };
		CD2DBEC129C62234005E377C /* SearchResultController.swift */ = {isa = PBXFileReference; lastKnownFileType = sourcecode.swift; path = SearchResultController.swift; sourceTree = "<group>"; };
		CD2DBEC529C62BDE005E377C /* AccountInfoCell.swift */ = {isa = PBXFileReference; lastKnownFileType = sourcecode.swift; path = AccountInfoCell.swift; sourceTree = "<group>"; };
		CD2DBEC929C63317005E377C /* Device.swift */ = {isa = PBXFileReference; lastKnownFileType = sourcecode.swift; path = Device.swift; sourceTree = "<group>"; };
		CD2F79BD2A0FC7910094F81F /* FriendsListViewController.swift */ = {isa = PBXFileReference; lastKnownFileType = sourcecode.swift; path = FriendsListViewController.swift; sourceTree = "<group>"; };
		CD2F79C12A0FC7C80094F81F /* FriendsListViewModel.swift */ = {isa = PBXFileReference; lastKnownFileType = sourcecode.swift; path = FriendsListViewModel.swift; sourceTree = "<group>"; };
		CD2F79C32A0FCB860094F81F /* FriendsListCell.swift */ = {isa = PBXFileReference; lastKnownFileType = sourcecode.swift; path = FriendsListCell.swift; sourceTree = "<group>"; };
		CD2F79C82A0FDFC30094F81F /* FriendsListHeaderView.swift */ = {isa = PBXFileReference; lastKnownFileType = sourcecode.swift; path = FriendsListHeaderView.swift; sourceTree = "<group>"; };
		CD5BCC5529F5384300DD44F7 /* PreferenceController.swift */ = {isa = PBXFileReference; lastKnownFileType = sourcecode.swift; path = PreferenceController.swift; sourceTree = "<group>"; };
		CD5BCC5929F53B5E00DD44F7 /* PreferenceModel.swift */ = {isa = PBXFileReference; lastKnownFileType = sourcecode.swift; path = PreferenceModel.swift; sourceTree = "<group>"; };
		CD5BCC5C29F53B8500DD44F7 /* PreferenceViewModel.swift */ = {isa = PBXFileReference; lastKnownFileType = sourcecode.swift; path = PreferenceViewModel.swift; sourceTree = "<group>"; };
		CD5BCC5E29F5423700DD44F7 /* PreferenceItemCell.swift */ = {isa = PBXFileReference; lastKnownFileType = sourcecode.swift; path = PreferenceItemCell.swift; sourceTree = "<group>"; };
		CD5BCC6029F546A500DD44F7 /* PreferenceItemHeader.swift */ = {isa = PBXFileReference; lastKnownFileType = sourcecode.swift; path = PreferenceItemHeader.swift; sourceTree = "<group>"; };
		CD5BCC6229F571D700DD44F7 /* PreferenceSectionBackgroundView.swift */ = {isa = PBXFileReference; lastKnownFileType = sourcecode.swift; path = PreferenceSectionBackgroundView.swift; sourceTree = "<group>"; };
		CD6BCDA529BB2D5B00DB024C /* HomeController.swift */ = {isa = PBXFileReference; lastKnownFileType = sourcecode.swift; path = HomeController.swift; sourceTree = "<group>"; };
		CD6BCDA929BB4B5E00DB024C /* UIBarButtonItem.swift */ = {isa = PBXFileReference; lastKnownFileType = sourcecode.swift; path = UIBarButtonItem.swift; sourceTree = "<group>"; };
		CD6BCDAB29BB97B300DB024C /* RoomPreviewCell.swift */ = {isa = PBXFileReference; lastKnownFileType = sourcecode.swift; path = RoomPreviewCell.swift; sourceTree = "<group>"; };
		CD7A70FE29BE23D0003E140C /* UIFont.swift */ = {isa = PBXFileReference; lastKnownFileType = sourcecode.swift; path = UIFont.swift; sourceTree = "<group>"; };
		CD90B48929BE327700772192 /* PointerAlert.swift */ = {isa = PBXFileReference; lastKnownFileType = sourcecode.swift; path = PointerAlert.swift; sourceTree = "<group>"; };
		CD94B8C82A0BEF4300D0BC7F /* EditUserIDViewModel.swift */ = {isa = PBXFileReference; lastKnownFileType = sourcecode.swift; path = EditUserIDViewModel.swift; sourceTree = "<group>"; };
		CDC51EC829C4EB0C00E8BC58 /* SearchController.swift */ = {isa = PBXFileReference; lastKnownFileType = sourcecode.swift; path = SearchController.swift; sourceTree = "<group>"; };
		CDEC90532A0A81BC00EA437D /* EditUserIDViewController.swift */ = {isa = PBXFileReference; lastKnownFileType = sourcecode.swift; path = EditUserIDViewController.swift; sourceTree = "<group>"; };
/* End PBXFileReference section */

/* Begin PBXFrameworksBuildPhase section */
		CD23207329B8C6EB003D0B84 /* Frameworks */ = {
			isa = PBXFrameworksBuildPhase;
			buildActionMask = 2147483647;
			files = (
				CD0EE92E2A0804C00090BF48 /* RxCocoa in Frameworks */,
				CD0EE9352A08050B0090BF48 /* RxGesture in Frameworks */,
				47117CF129CD9A1C001707C8 /* KakaoSDK in Frameworks */,
				CD0EE9302A0804C00090BF48 /* RxRelay in Frameworks */,
				CDD1DEE029B9FE2600B03973 /* SnapKit in Frameworks */,
				CD2F79C72A0FD34B0094F81F /* RxDataSources in Frameworks */,
				CDEC90512A0A80B100EA437D /* IQKeyboardManagerSwift in Frameworks */,
				CDD1DEEE29B9FFFE00B03973 /* Kingfisher in Frameworks */,
				47117CAE29CB0367001707C8 /* FloatingPanel in Frameworks */,
				CD0EE9322A0804C00090BF48 /* RxSwift in Frameworks */,
				CD15E17A2A1BC13C00A8E643 /* SendbirdUIKit in Frameworks */,
				CD2DBEBE29C61D28005E377C /* BetterSegmentedControl in Frameworks */,
			);
			runOnlyForDeploymentPostprocessing = 0;
		};
/* End PBXFrameworksBuildPhase section */

/* Begin PBXGroup section */
		47117C9D29C2F385001707C8 /* Model */ = {
			isa = PBXGroup;
			children = (
				47117C9E29C2F391001707C8 /* RoomModel.swift */,
			);
			path = Model;
			sourceTree = "<group>";
		};
		47117CA029C72E23001707C8 /* ResultScene */ = {
			isa = PBXGroup;
			children = (
				473B739B29CEE50B00B33C77 /* Model */,
				47117CA229C72E74001707C8 /* View */,
				47117CA329C72E78001707C8 /* ViewModel */,
			);
			path = ResultScene;
			sourceTree = "<group>";
		};
		47117CA229C72E74001707C8 /* View */ = {
			isa = PBXGroup;
			children = (
				473B738F29CEDB7E00B33C77 /* ResultView */,
				473B739029CEDB9B00B33C77 /* FloatChatView */,
				473B739129CEDBB100B33C77 /* MyResultView */,
				473B739229CEDBCC00B33C77 /* HintView */,
				47194E7B29D94D6200671360 /* NewQuestView */,
			);
			path = View;
			sourceTree = "<group>";
		};
		47117CA329C72E78001707C8 /* ViewModel */ = {
			isa = PBXGroup;
			children = (
				47117CA629C72EC6001707C8 /* ResultViewModel.swift */,
				473B739729CEE3CC00B33C77 /* MyResultViewModel.swift */,
				471145CF2A0E321800AED0DC /* NewQuestViewModel.swift */,
			);
			path = ViewModel;
			sourceTree = "<group>";
		};
		47117CE029CD92A1001707C8 /* LoginScene */ = {
			isa = PBXGroup;
			children = (
				47CC89682A4EDCFC0020246E /* Model */,
				47117CE129CD92AC001707C8 /* View */,
				47117CE229CD92B1001707C8 /* ViewModel */,
			);
			path = LoginScene;
			sourceTree = "<group>";
		};
		47117CE129CD92AC001707C8 /* View */ = {
			isa = PBXGroup;
			children = (
				47117CE329CD92C9001707C8 /* LoginViewController.swift */,
				473B73A229D029A200B33C77 /* TermsViewController.swift */,
				47CC89702A5015E10020246E /* CreateUserIDViewController.swift */,
			);
			path = View;
			sourceTree = "<group>";
		};
		47117CE229CD92B1001707C8 /* ViewModel */ = {
			isa = PBXGroup;
			children = (
				47117CE529CD92D5001707C8 /* LoginViewModel.swift */,
				473B73A729D18A1700B33C77 /* TermsViewModel.swift */,
				47CC89722A5016D40020246E /* CreateUserIDViewModel.swift */,
			);
			path = ViewModel;
			sourceTree = "<group>";
		};
		47194E7B29D94D6200671360 /* NewQuestView */ = {
			isa = PBXGroup;
			children = (
				47194E7C29D94DA900671360 /* NewQuestViewController.swift */,
			);
			name = NewQuestView;
			sourceTree = "<group>";
		};
		473B738F29CEDB7E00B33C77 /* ResultView */ = {
			isa = PBXGroup;
			children = (
				47117CA429C72EB3001707C8 /* ResultViewController.swift */,
				47117CAA29C74DCB001707C8 /* ResultChatView.swift */,
			);
			path = ResultView;
			sourceTree = "<group>";
		};
		473B739029CEDB9B00B33C77 /* FloatChatView */ = {
			isa = PBXGroup;
			children = (
				471145CD2A0E23CC00AED0DC /* RoomFloatingChatViewController.swift */,
				47117CB129CB1E83001707C8 /* FloatingChatTableViewCell.swift */,
			);
			path = FloatChatView;
			sourceTree = "<group>";
		};
		473B739129CEDBB100B33C77 /* MyResultView */ = {
			isa = PBXGroup;
			children = (
				473B739329CEDC0F00B33C77 /* MyResultViewController.swift */,
				473B739529CEDCBE00B33C77 /* MyResultTableViewCell.swift */,
			);
			path = MyResultView;
			sourceTree = "<group>";
		};
		473B739229CEDBCC00B33C77 /* HintView */ = {
			isa = PBXGroup;
			children = (
				473B73A029CEF15D00B33C77 /* HintViewController.swift */,
			);
			path = HintView;
			sourceTree = "<group>";
		};
		473B739B29CEE50B00B33C77 /* Model */ = {
			isa = PBXGroup;
			children = (
				473B739C29CEE52500B33C77 /* MyResultModel.swift */,
			);
			path = Model;
			sourceTree = "<group>";
		};
		473B73A429D0361800B33C77 /* Login */ = {
			isa = PBXGroup;
			children = (
				473B73A529D0364000B33C77 /* LoginDataManger.swift */,
			);
			path = Login;
			sourceTree = "<group>";
		};
		4749D46D29B9B96800011E06 /* Font */ = {
			isa = PBXGroup;
			children = (
				4749D46E29B9B99300011E06 /* NotoSansKR-Black.otf */,
				4749D47129B9B99400011E06 /* NotoSansKR-Bold.otf */,
				4749D47229B9B99400011E06 /* NotoSansKR-Light.otf */,
				4749D46F29B9B99400011E06 /* NotoSansKR-Medium.otf */,
				4749D47329B9B99400011E06 /* NotoSansKR-Regular.otf */,
				4749D47029B9B99400011E06 /* NotoSansKR-Thin.otf */,
			);
			path = Font;
			sourceTree = "<group>";
		};
		47548E3A2A1E2AD500A5BB40 /* ViewModel */ = {
			isa = PBXGroup;
			children = (
				47548E3B2A1E2AE700A5BB40 /* ChattingRoomViewModel.swift */,
			);
			path = ViewModel;
			sourceTree = "<group>";
		};
		47665AD42A1C884C00A95154 /* ChattingRoomScene */ = {
			isa = PBXGroup;
			children = (
				47548E3A2A1E2AD500A5BB40 /* ViewModel */,
				47665AD72A1C88C800A95154 /* View */,
			);
			path = ChattingRoomScene;
			sourceTree = "<group>";
		};
		47665AD72A1C88C800A95154 /* View */ = {
			isa = PBXGroup;
			children = (
				47665AD52A1C889D00A95154 /* ChattingRoomViewController.swift */,
				47CC89542A41D1C30020246E /* NextTestViewController.swift */,
			);
			path = View;
			sourceTree = "<group>";
		};
		47CC89562A4681950020246E /* HTTP */ = {
			isa = PBXGroup;
			children = (
				47CC89572A4681BA0020246E /* HttpRouter.swift */,
				47CC89592A46829B0020246E /* HttpService.swift */,
				47CC895D2A4684390020246E /* PointerHttpService.swift */,
				47CC895F2A46844F0020246E /* PointerHttpRouter.swift */,
			);
			path = HTTP;
			sourceTree = "<group>";
		};
		47CC89682A4EDCFC0020246E /* Model */ = {
			isa = PBXGroup;
			children = (
				47CC89692A4EDD0B0020246E /* AppleUser.swift */,
			);
			path = Model;
			sourceTree = "<group>";
		};
		CD0667772A04E8870003C7B4 /* ProfileScene */ = {
			isa = PBXGroup;
			children = (
				CD0667782A04E8870003C7B4 /* ViewModel */,
				CD06677A2A04E8870003C7B4 /* View */,
			);
			path = ProfileScene;
			sourceTree = "<group>";
		};
		CD0667782A04E8870003C7B4 /* ViewModel */ = {
			isa = PBXGroup;
			children = (
				CD0667792A04E8870003C7B4 /* ProfileViewModel.swift */,
				CD94B8C82A0BEF4300D0BC7F /* EditUserIDViewModel.swift */,
			);
			path = ViewModel;
			sourceTree = "<group>";
		};
		CD06677A2A04E8870003C7B4 /* View */ = {
			isa = PBXGroup;
			children = (
				CDEC90522A0A81A800EA437D /* EditUserID */,
				CD0EE9242A0786E40090BF48 /* Parents */,
				CD0EE92B2A0803550090BF48 /* EditProfile */,
				CD0EE92A2A0803510090BF48 /* Profile */,
				CD0EE9252A0787320090BF48 /* Cell */,
			);
			path = View;
			sourceTree = "<group>";
		};
		CD0667822A04E8A60003C7B4 /* Models */ = {
			isa = PBXGroup;
			children = (
				CD0667832A04E8A60003C7B4 /* UserModel.swift */,
			);
			path = Models;
			sourceTree = "<group>";
		};
		CD077F4B29BF8A61005A01A9 /* Common */ = {
			isa = PBXGroup;
			children = (
				CD2DBEC829C631CC005E377C /* Cell */,
				47117CB329CB2E0B001707C8 /* SelfSizingTableView.swift */,
				CD90B48929BE327700772192 /* PointerAlert.swift */,
				47117CAF29CB0487001707C8 /* FloatingChatViewController.swift */,
				473B739929CEE41100B33C77 /* ViewModelType.swift */,
			);
			path = Common;
			sourceTree = "<group>";
		};
		CD07E59B29CE1ECC00B52885 /* NotificationScene */ = {
			isa = PBXGroup;
			children = (
				CD07E59D29CE1EE400B52885 /* View */,
				CD07E59C29CE1EE200B52885 /* ViewModel */,
			);
			path = NotificationScene;
			sourceTree = "<group>";
		};
		CD07E59C29CE1EE200B52885 /* ViewModel */ = {
			isa = PBXGroup;
			children = (
			);
			path = ViewModel;
			sourceTree = "<group>";
		};
		CD07E59D29CE1EE400B52885 /* View */ = {
			isa = PBXGroup;
			children = (
				CD07E59E29CE1EEE00B52885 /* NotificationViewController.swift */,
				CD07E5A929CFFE9600B52885 /* NotificationDetailViewController.swift */,
				CD07E5AB29D0007500B52885 /* Cell */,
			);
			path = View;
			sourceTree = "<group>";
		};
		CD07E5AB29D0007500B52885 /* Cell */ = {
			isa = PBXGroup;
			children = (
				CD07E5AC29D0008300B52885 /* AllNotiCell.swift */,
				CD07E5AE29D000B400B52885 /* FriendsNotiCell.swift */,
			);
			path = Cell;
			sourceTree = "<group>";
		};
		CD0EE9242A0786E40090BF48 /* Parents */ = {
			isa = PBXGroup;
			children = (
				CD0EE9202A074B8F0090BF48 /* ProfileParentViewController.swift */,
				CD0EE9222A074C210090BF48 /* ProfileInfoParentView.swift */,
			);
			path = Parents;
			sourceTree = "<group>";
		};
		CD0EE9252A0787320090BF48 /* Cell */ = {
			isa = PBXGroup;
			children = (
				CD06677D2A04E8870003C7B4 /* UserFriendCell.swift */,
			);
			path = Cell;
			sourceTree = "<group>";
		};
		CD0EE92A2A0803510090BF48 /* Profile */ = {
			isa = PBXGroup;
			children = (
				CD06677C2A04E8870003C7B4 /* ProfileViewController.swift */,
				CD06677B2A04E8870003C7B4 /* ProfileInfoView.swift */,
			);
			path = Profile;
			sourceTree = "<group>";
		};
		CD0EE92B2A0803550090BF48 /* EditProfile */ = {
			isa = PBXGroup;
			children = (
				CD0EE9262A0788510090BF48 /* ProfileEditViewController.swift */,
				CD0EE9282A0797660090BF48 /* EditProfileInfoView.swift */,
			);
			path = EditProfile;
			sourceTree = "<group>";
		};
		CD23206D29B8C6EB003D0B84 = {
			isa = PBXGroup;
			children = (
				CD23207829B8C6EB003D0B84 /* Pointer_iOS */,
				CD23207729B8C6EB003D0B84 /* Products */,
			);
			sourceTree = "<group>";
		};
		CD23207729B8C6EB003D0B84 /* Products */ = {
			isa = PBXGroup;
			children = (
				CD23207629B8C6EB003D0B84 /* Pointer_iOS.app */,
			);
			name = Products;
			sourceTree = "<group>";
		};
		CD23207829B8C6EB003D0B84 /* Pointer_iOS */ = {
			isa = PBXGroup;
			children = (
				47CC89672A4ED46E0020246E /* Pointer_iOS.entitlements */,
				CD23208F29B8CFCB003D0B84 /* Util */,
				CD23208D29B8CFC5003D0B84 /* Base */,
				CD23209329B8D2AF003D0B84 /* API */,
				CD23208E29B8CFC8003D0B84 /* Secret */,
				CD23209029B8D253003D0B84 /* Sources */,
				CD23207929B8C6EB003D0B84 /* AppDelegate.swift */,
				CD23207B29B8C6EB003D0B84 /* SceneDelegate.swift */,
				CD23208229B8C6EC003D0B84 /* Assets.xcassets */,
				CD23208729B8C6EC003D0B84 /* Info.plist */,
				4749D46D29B9B96800011E06 /* Font */,
			);
			path = Pointer_iOS;
			sourceTree = "<group>";
		};
		CD23208D29B8CFC5003D0B84 /* Base */ = {
			isa = PBXGroup;
			children = (
				CD23209129B8D260003D0B84 /* BaseViewController.swift */,
				CD23209B29B8D9C1003D0B84 /* BaseTabBarController.swift */,
				CD23209D29B8DC0E003D0B84 /* BaseNavigationController.swift */,
			);
			path = Base;
			sourceTree = "<group>";
		};
		CD23208E29B8CFC8003D0B84 /* Secret */ = {
			isa = PBXGroup;
			children = (
				47CC896E2A4EF51D0020246E /* Secret.swift */,
			);
			path = Secret;
			sourceTree = "<group>";
		};
		CD23208F29B8CFCB003D0B84 /* Util */ = {
			isa = PBXGroup;
			children = (
				CD2DBEC929C63317005E377C /* Device.swift */,
				CD23209429B8D2CC003D0B84 /* Constant.swift */,
				CD23209629B8D2ED003D0B84 /* Extension */,
			);
			path = Util;
			sourceTree = "<group>";
		};
		CD23209029B8D253003D0B84 /* Sources */ = {
			isa = PBXGroup;
			children = (
				CD077F4B29BF8A61005A01A9 /* Common */,
				CD0667822A04E8A60003C7B4 /* Models */,
				47117CE029CD92A1001707C8 /* LoginScene */,
				CDD1DEEF29BA002400B03973 /* HomeScene */,
				CDD1DEF029BA004100B03973 /* RoomScene */,
				47117CA029C72E23001707C8 /* ResultScene */,
				CDC51EC729C4EAF700E8BC58 /* SearchScene */,
				47665AD42A1C884C00A95154 /* ChattingRoomScene */,
				CD07E59B29CE1ECC00B52885 /* NotificationScene */,
				CD5BCC5429F5382B00DD44F7 /* PreferenceScene */,
				CD0667772A04E8870003C7B4 /* ProfileScene */,
				CD2F79BC2A0FC7700094F81F /* FriendsList */,
			);
			path = Sources;
			sourceTree = "<group>";
		};
		CD23209329B8D2AF003D0B84 /* API */ = {
			isa = PBXGroup;
			children = (
				47CC89562A4681950020246E /* HTTP */,
				473B73A429D0361800B33C77 /* Login */,
				47CC89612A46BF110020246E /* RoomAPI.swift */,
			);
			path = API;
			sourceTree = "<group>";
		};
		CD23209629B8D2ED003D0B84 /* Extension */ = {
			isa = PBXGroup;
			children = (
				CD6BCDA929BB4B5E00DB024C /* UIBarButtonItem.swift */,
				CD23209729B8D2FB003D0B84 /* UIColor.swift */,
				CD23209929B8D8F4003D0B84 /* UIView.swift */,
				4749D47A29B9BB3300011E06 /* UIImage.swift */,
				CD7A70FE29BE23D0003E140C /* UIFont.swift */,
			);
			path = Extension;
			sourceTree = "<group>";
		};
		CD2DBEC729C631B4005E377C /* View */ = {
			isa = PBXGroup;
			children = (
				CDC51EC829C4EB0C00E8BC58 /* SearchController.swift */,
				CD2DBEC129C62234005E377C /* SearchResultController.swift */,
			);
			path = View;
			sourceTree = "<group>";
		};
		CD2DBEC829C631CC005E377C /* Cell */ = {
			isa = PBXGroup;
			children = (
				CD6BCDAB29BB97B300DB024C /* RoomPreviewCell.swift */,
				CD2DBEC529C62BDE005E377C /* AccountInfoCell.swift */,
			);
			path = Cell;
			sourceTree = "<group>";
		};
		CD2F79BC2A0FC7700094F81F /* FriendsList */ = {
			isa = PBXGroup;
			children = (
				CD2F79C02A0FC7BD0094F81F /* ViewModel */,
				CD2F79BF2A0FC7B70094F81F /* View */,
			);
			path = FriendsList;
			sourceTree = "<group>";
		};
		CD2F79BF2A0FC7B70094F81F /* View */ = {
			isa = PBXGroup;
			children = (
				CD2F79BD2A0FC7910094F81F /* FriendsListViewController.swift */,
				CD2F79C32A0FCB860094F81F /* FriendsListCell.swift */,
				CD2F79C82A0FDFC30094F81F /* FriendsListHeaderView.swift */,
			);
			path = View;
			sourceTree = "<group>";
		};
		CD2F79C02A0FC7BD0094F81F /* ViewModel */ = {
			isa = PBXGroup;
			children = (
				CD2F79C12A0FC7C80094F81F /* FriendsListViewModel.swift */,
			);
			path = ViewModel;
			sourceTree = "<group>";
		};
		CD5BCC5429F5382B00DD44F7 /* PreferenceScene */ = {
			isa = PBXGroup;
			children = (
				CD5BCC5B29F53B7800DD44F7 /* ViewModel */,
				CD5BCC5829F53B5400DD44F7 /* Model */,
				CD5BCC5729F53B4F00DD44F7 /* View */,
			);
			path = PreferenceScene;
			sourceTree = "<group>";
		};
		CD5BCC5729F53B4F00DD44F7 /* View */ = {
			isa = PBXGroup;
			children = (
				CD5BCC5529F5384300DD44F7 /* PreferenceController.swift */,
				CD5BCC5E29F5423700DD44F7 /* PreferenceItemCell.swift */,
				CD5BCC6029F546A500DD44F7 /* PreferenceItemHeader.swift */,
				CD5BCC6229F571D700DD44F7 /* PreferenceSectionBackgroundView.swift */,
			);
			path = View;
			sourceTree = "<group>";
		};
		CD5BCC5829F53B5400DD44F7 /* Model */ = {
			isa = PBXGroup;
			children = (
				CD5BCC5929F53B5E00DD44F7 /* PreferenceModel.swift */,
			);
			path = Model;
			sourceTree = "<group>";
		};
		CD5BCC5B29F53B7800DD44F7 /* ViewModel */ = {
			isa = PBXGroup;
			children = (
				CD5BCC5C29F53B8500DD44F7 /* PreferenceViewModel.swift */,
			);
			path = ViewModel;
			sourceTree = "<group>";
		};
		CDC51EC729C4EAF700E8BC58 /* SearchScene */ = {
			isa = PBXGroup;
			children = (
				CD2DBEC729C631B4005E377C /* View */,
			);
			path = SearchScene;
			sourceTree = "<group>";
		};
		CDD1DEEF29BA002400B03973 /* HomeScene */ = {
			isa = PBXGroup;
			children = (
				CDD1DEF129BA004A00B03973 /* View */,
				CDD1DEF229BA005000B03973 /* ViewModel */,
			);
			path = HomeScene;
			sourceTree = "<group>";
		};
		CDD1DEF029BA004100B03973 /* RoomScene */ = {
			isa = PBXGroup;
			children = (
				47117C9D29C2F385001707C8 /* Model */,
				CDD1DEF429BA005800B03973 /* View */,
				CDD1DEF329BA005800B03973 /* ViewModel */,
			);
			path = RoomScene;
			sourceTree = "<group>";
		};
		CDD1DEF129BA004A00B03973 /* View */ = {
			isa = PBXGroup;
			children = (
				CD6BCDA529BB2D5B00DB024C /* HomeController.swift */,
				CD06C77B29C0C68600A88ACD /* TextfieldCustomView.swift */,
			);
			path = View;
			sourceTree = "<group>";
		};
		CDD1DEF229BA005000B03973 /* ViewModel */ = {
			isa = PBXGroup;
			children = (
			);
			path = ViewModel;
			sourceTree = "<group>";
		};
		CDD1DEF329BA005800B03973 /* ViewModel */ = {
			isa = PBXGroup;
			children = (
				4749D48829BEEE0D00011E06 /* RoomViewModel.swift */,
			);
			path = ViewModel;
			sourceTree = "<group>";
		};
		CDD1DEF429BA005800B03973 /* View */ = {
			isa = PBXGroup;
			children = (
				4749D48329BDEECE00011E06 /* RoomViewController.swift */,
				4749D48529BDEEF500011E06 /* RoomPeopleTableViewCell.swift */,
				4749D48C29C06C7400011E06 /* RoomTopView.swift */,
				4749D48E29C0707F00011E06 /* RoomBottomView.swift */,
			);
			path = View;
			sourceTree = "<group>";
		};
		CDEC90522A0A81A800EA437D /* EditUserID */ = {
			isa = PBXGroup;
			children = (
				CDEC90532A0A81BC00EA437D /* EditUserIDViewController.swift */,
			);
			path = EditUserID;
			sourceTree = "<group>";
		};
/* End PBXGroup section */

/* Begin PBXNativeTarget section */
		CD23207529B8C6EB003D0B84 /* Pointer_iOS */ = {
			isa = PBXNativeTarget;
			buildConfigurationList = CD23208A29B8C6EC003D0B84 /* Build configuration list for PBXNativeTarget "Pointer_iOS" */;
			buildPhases = (
				CD23207229B8C6EB003D0B84 /* Sources */,
				CD23207329B8C6EB003D0B84 /* Frameworks */,
				CD23207429B8C6EB003D0B84 /* Resources */,
			);
			buildRules = (
			);
			dependencies = (
			);
			name = Pointer_iOS;
			packageProductDependencies = (
				CDD1DEDF29B9FE2600B03973 /* SnapKit */,
				CDD1DEED29B9FFFE00B03973 /* Kingfisher */,
				CD2DBEBD29C61D28005E377C /* BetterSegmentedControl */,
				47117CAD29CB0367001707C8 /* FloatingPanel */,
				47117CF029CD9A1C001707C8 /* KakaoSDK */,
				CD0EE92D2A0804C00090BF48 /* RxCocoa */,
				CD0EE92F2A0804C00090BF48 /* RxRelay */,
				CD0EE9312A0804C00090BF48 /* RxSwift */,
				CD0EE9342A08050B0090BF48 /* RxGesture */,
				CDEC90502A0A80B100EA437D /* IQKeyboardManagerSwift */,
				CD2F79C62A0FD34B0094F81F /* RxDataSources */,
				CD15E1792A1BC13C00A8E643 /* SendbirdUIKit */,
			);
			productName = Pointer_iOS;
			productReference = CD23207629B8C6EB003D0B84 /* Pointer_iOS.app */;
			productType = "com.apple.product-type.application";
		};
/* End PBXNativeTarget section */

/* Begin PBXProject section */
		CD23206E29B8C6EB003D0B84 /* Project object */ = {
			isa = PBXProject;
			attributes = {
				BuildIndependentTargetsInParallel = 1;
				LastSwiftUpdateCheck = 1420;
				LastUpgradeCheck = 1420;
				TargetAttributes = {
					CD23207529B8C6EB003D0B84 = {
						CreatedOnToolsVersion = 14.2;
					};
				};
			};
			buildConfigurationList = CD23207129B8C6EB003D0B84 /* Build configuration list for PBXProject "Pointer_iOS" */;
			compatibilityVersion = "Xcode 14.0";
			developmentRegion = en;
			hasScannedForEncodings = 0;
			knownRegions = (
				en,
				Base,
			);
			mainGroup = CD23206D29B8C6EB003D0B84;
			packageReferences = (
				CDD1DEDE29B9FE2600B03973 /* XCRemoteSwiftPackageReference "SnapKit" */,
				CDD1DEEC29B9FFFE00B03973 /* XCRemoteSwiftPackageReference "Kingfisher" */,
				CD2DBEBC29C61D28005E377C /* XCRemoteSwiftPackageReference "BetterSegmentedControl" */,
				47117CAC29CB0366001707C8 /* XCRemoteSwiftPackageReference "FloatingPanel" */,
				47117CEF29CD9A1C001707C8 /* XCRemoteSwiftPackageReference "kakao-ios-sdk" */,
				CD0EE92C2A0804C00090BF48 /* XCRemoteSwiftPackageReference "RxSwift" */,
				CD0EE9332A08050B0090BF48 /* XCRemoteSwiftPackageReference "RxGesture" */,
				CDEC904F2A0A80B100EA437D /* XCRemoteSwiftPackageReference "IQKeyboardManager" */,
				CD2F79C52A0FD34B0094F81F /* XCRemoteSwiftPackageReference "RxDataSources" */,
				CD15E1782A1BC13C00A8E643 /* XCRemoteSwiftPackageReference "sendbird-uikit-ios-spm" */,
			);
			productRefGroup = CD23207729B8C6EB003D0B84 /* Products */;
			projectDirPath = "";
			projectRoot = "";
			targets = (
				CD23207529B8C6EB003D0B84 /* Pointer_iOS */,
			);
		};
/* End PBXProject section */

/* Begin PBXResourcesBuildPhase section */
		CD23207429B8C6EB003D0B84 /* Resources */ = {
			isa = PBXResourcesBuildPhase;
			buildActionMask = 2147483647;
			files = (
				4749D47829B9B99400011E06 /* NotoSansKR-Light.otf in Resources */,
				4749D47629B9B99400011E06 /* NotoSansKR-Thin.otf in Resources */,
				4749D47529B9B99400011E06 /* NotoSansKR-Medium.otf in Resources */,
				CD23208329B8C6EC003D0B84 /* Assets.xcassets in Resources */,
				4749D47429B9B99400011E06 /* NotoSansKR-Black.otf in Resources */,
				4749D47729B9B99400011E06 /* NotoSansKR-Bold.otf in Resources */,
				4749D47929B9B99400011E06 /* NotoSansKR-Regular.otf in Resources */,
			);
			runOnlyForDeploymentPostprocessing = 0;
		};
/* End PBXResourcesBuildPhase section */

/* Begin PBXSourcesBuildPhase section */
		CD23207229B8C6EB003D0B84 /* Sources */ = {
			isa = PBXSourcesBuildPhase;
			buildActionMask = 2147483647;
			files = (
				CD0667812A04E8870003C7B4 /* UserFriendCell.swift in Sources */,
				CD6BCDAC29BB97B300DB024C /* RoomPreviewCell.swift in Sources */,
				CD23209E29B8DC0E003D0B84 /* BaseNavigationController.swift in Sources */,
				CD06677E2A04E8870003C7B4 /* ProfileViewModel.swift in Sources */,
				473B739429CEDC0F00B33C77 /* MyResultViewController.swift in Sources */,
				47117CB229CB1E83001707C8 /* FloatingChatTableViewCell.swift in Sources */,
				4749D48429BDEECE00011E06 /* RoomViewController.swift in Sources */,
				CD5BCC5D29F53B8500DD44F7 /* PreferenceViewModel.swift in Sources */,
				4749D47B29B9BB3300011E06 /* UIImage.swift in Sources */,
				47665AD62A1C889D00A95154 /* ChattingRoomViewController.swift in Sources */,
				CD6BCDAA29BB4B5E00DB024C /* UIBarButtonItem.swift in Sources */,
				CD5BCC5A29F53B5E00DD44F7 /* PreferenceModel.swift in Sources */,
				CD0EE9272A0788510090BF48 /* ProfileEditViewController.swift in Sources */,
				473B73A129CEF15E00B33C77 /* HintViewController.swift in Sources */,
				CD23209C29B8D9C1003D0B84 /* BaseTabBarController.swift in Sources */,
				473B739A29CEE41100B33C77 /* ViewModelType.swift in Sources */,
				47CC89712A5015E10020246E /* CreateUserIDViewController.swift in Sources */,
				CD90B48A29BE327700772192 /* PointerAlert.swift in Sources */,
				CD23209829B8D2FB003D0B84 /* UIColor.swift in Sources */,
				47CC89622A46BF110020246E /* RoomAPI.swift in Sources */,
				CD0EE9212A074B8F0090BF48 /* ProfileParentViewController.swift in Sources */,
				47117CE629CD92D5001707C8 /* LoginViewModel.swift in Sources */,
				47CC89732A5016D40020246E /* CreateUserIDViewModel.swift in Sources */,
				CD5BCC5F29F5423700DD44F7 /* PreferenceItemCell.swift in Sources */,
				4749D48D29C06C7400011E06 /* RoomTopView.swift in Sources */,
				CD6BCDA629BB2D5B00DB024C /* HomeController.swift in Sources */,
				CD0EE9292A0797660090BF48 /* EditProfileInfoView.swift in Sources */,
				CD0667842A04E8A60003C7B4 /* UserModel.swift in Sources */,
				473B73A629D0364000B33C77 /* LoginDataManger.swift in Sources */,
				CDEC90542A0A81BC00EA437D /* EditUserIDViewController.swift in Sources */,
				CDC51EC929C4EB0C00E8BC58 /* SearchController.swift in Sources */,
				CD0EE9232A074C210090BF48 /* ProfileInfoParentView.swift in Sources */,
				CD06677F2A04E8870003C7B4 /* ProfileInfoView.swift in Sources */,
				CD5BCC6129F546A500DD44F7 /* PreferenceItemHeader.swift in Sources */,
				CD07E59F29CE1EEE00B52885 /* NotificationViewController.swift in Sources */,
				47117CB029CB0487001707C8 /* FloatingChatViewController.swift in Sources */,
				47CC896A2A4EDD0B0020246E /* AppleUser.swift in Sources */,
				CD2F79BE2A0FC7910094F81F /* FriendsListViewController.swift in Sources */,
				CD2DBEC229C62234005E377C /* SearchResultController.swift in Sources */,
				473B73A829D18A1700B33C77 /* TermsViewModel.swift in Sources */,
				CD7A70FF29BE23D0003E140C /* UIFont.swift in Sources */,
				47548E3C2A1E2AE700A5BB40 /* ChattingRoomViewModel.swift in Sources */,
				47117CA529C72EB3001707C8 /* ResultViewController.swift in Sources */,
				CD06C77C29C0C68600A88ACD /* TextfieldCustomView.swift in Sources */,
				CD23209229B8D260003D0B84 /* BaseViewController.swift in Sources */,
				CD2DBECA29C63317005E377C /* Device.swift in Sources */,
				CD07E5AA29CFFE9600B52885 /* NotificationDetailViewController.swift in Sources */,
				4749D48629BDEEF500011E06 /* RoomPeopleTableViewCell.swift in Sources */,
				47117CE429CD92C9001707C8 /* LoginViewController.swift in Sources */,
				47CC895A2A46829B0020246E /* HttpService.swift in Sources */,
				47117CB429CB2E0B001707C8 /* SelfSizingTableView.swift in Sources */,
				CD07E5AD29D0008300B52885 /* AllNotiCell.swift in Sources */,
				473B739629CEDCBE00B33C77 /* MyResultTableViewCell.swift in Sources */,
				4749D48629BDEEF500011E06 /* RoomPeopleTableViewCell.swift in Sources */,
				47CC89582A4681BB0020246E /* HttpRouter.swift in Sources */,
				CD2F79C42A0FCB860094F81F /* FriendsListCell.swift in Sources */,
				47117CE429CD92C9001707C8 /* LoginViewController.swift in Sources */,
				47117CB429CB2E0B001707C8 /* SelfSizingTableView.swift in Sources */,
				CD0667802A04E8870003C7B4 /* ProfileViewController.swift in Sources */,
				473B739829CEE3CC00B33C77 /* MyResultViewModel.swift in Sources */,
				47117C9F29C2F391001707C8 /* RoomModel.swift in Sources */,
				47117CA729C72EC6001707C8 /* ResultViewModel.swift in Sources */,
				47CC895E2A4684390020246E /* PointerHttpService.swift in Sources */,
				47CC896F2A4EF51D0020246E /* Secret.swift in Sources */,
				4749D48F29C0708000011E06 /* RoomBottomView.swift in Sources */,
				CD2DBEC629C62BDE005E377C /* AccountInfoCell.swift in Sources */,
				473B73A329D029A200B33C77 /* TermsViewController.swift in Sources */,
				4749D48929BEEE0E00011E06 /* RoomViewModel.swift in Sources */,
				CD23209A29B8D8F4003D0B84 /* UIView.swift in Sources */,
				CD5BCC5629F5384300DD44F7 /* PreferenceController.swift in Sources */,
				CD23209529B8D2CC003D0B84 /* Constant.swift in Sources */,
				471145CE2A0E23CC00AED0DC /* RoomFloatingChatViewController.swift in Sources */,
				CD5BCC6329F571D700DD44F7 /* PreferenceSectionBackgroundView.swift in Sources */,
				CD07E5AF29D000B400B52885 /* FriendsNotiCell.swift in Sources */,
				CD2F79C22A0FC7C80094F81F /* FriendsListViewModel.swift in Sources */,
				471145D02A0E321800AED0DC /* NewQuestViewModel.swift in Sources */,
				47CC89602A46844F0020246E /* PointerHttpRouter.swift in Sources */,
				473B739D29CEE52500B33C77 /* MyResultModel.swift in Sources */,
				47194E7D29D94DA900671360 /* NewQuestViewController.swift in Sources */,
				47117CAB29C74DCB001707C8 /* ResultChatView.swift in Sources */,
				CD23207A29B8C6EB003D0B84 /* AppDelegate.swift in Sources */,
				CD2F79C92A0FDFC30094F81F /* FriendsListHeaderView.swift in Sources */,
				CD94B8C92A0BEF4300D0BC7F /* EditUserIDViewModel.swift in Sources */,
				47CC89552A41D1C30020246E /* NextTestViewController.swift in Sources */,
				CD23207C29B8C6EB003D0B84 /* SceneDelegate.swift in Sources */,
			);
			runOnlyForDeploymentPostprocessing = 0;
		};
/* End PBXSourcesBuildPhase section */

/* Begin XCBuildConfiguration section */
		CD23208829B8C6EC003D0B84 /* Debug */ = {
			isa = XCBuildConfiguration;
			buildSettings = {
				ALWAYS_SEARCH_USER_PATHS = NO;
				CLANG_ANALYZER_NONNULL = YES;
				CLANG_ANALYZER_NUMBER_OBJECT_CONVERSION = YES_AGGRESSIVE;
				CLANG_CXX_LANGUAGE_STANDARD = "gnu++20";
				CLANG_ENABLE_MODULES = YES;
				CLANG_ENABLE_OBJC_ARC = YES;
				CLANG_ENABLE_OBJC_WEAK = YES;
				CLANG_WARN_BLOCK_CAPTURE_AUTORELEASING = YES;
				CLANG_WARN_BOOL_CONVERSION = YES;
				CLANG_WARN_COMMA = YES;
				CLANG_WARN_CONSTANT_CONVERSION = YES;
				CLANG_WARN_DEPRECATED_OBJC_IMPLEMENTATIONS = YES;
				CLANG_WARN_DIRECT_OBJC_ISA_USAGE = YES_ERROR;
				CLANG_WARN_DOCUMENTATION_COMMENTS = YES;
				CLANG_WARN_EMPTY_BODY = YES;
				CLANG_WARN_ENUM_CONVERSION = YES;
				CLANG_WARN_INFINITE_RECURSION = YES;
				CLANG_WARN_INT_CONVERSION = YES;
				CLANG_WARN_NON_LITERAL_NULL_CONVERSION = YES;
				CLANG_WARN_OBJC_IMPLICIT_RETAIN_SELF = YES;
				CLANG_WARN_OBJC_LITERAL_CONVERSION = YES;
				CLANG_WARN_OBJC_ROOT_CLASS = YES_ERROR;
				CLANG_WARN_QUOTED_INCLUDE_IN_FRAMEWORK_HEADER = YES;
				CLANG_WARN_RANGE_LOOP_ANALYSIS = YES;
				CLANG_WARN_STRICT_PROTOTYPES = YES;
				CLANG_WARN_SUSPICIOUS_MOVE = YES;
				CLANG_WARN_UNGUARDED_AVAILABILITY = YES_AGGRESSIVE;
				CLANG_WARN_UNREACHABLE_CODE = YES;
				CLANG_WARN__DUPLICATE_METHOD_MATCH = YES;
				COPY_PHASE_STRIP = NO;
				DEBUG_INFORMATION_FORMAT = dwarf;
				ENABLE_STRICT_OBJC_MSGSEND = YES;
				ENABLE_TESTABILITY = YES;
				GCC_C_LANGUAGE_STANDARD = gnu11;
				GCC_DYNAMIC_NO_PIC = NO;
				GCC_NO_COMMON_BLOCKS = YES;
				GCC_OPTIMIZATION_LEVEL = 0;
				GCC_PREPROCESSOR_DEFINITIONS = (
					"DEBUG=1",
					"$(inherited)",
				);
				GCC_WARN_64_TO_32_BIT_CONVERSION = YES;
				GCC_WARN_ABOUT_RETURN_TYPE = YES_ERROR;
				GCC_WARN_UNDECLARED_SELECTOR = YES;
				GCC_WARN_UNINITIALIZED_AUTOS = YES_AGGRESSIVE;
				GCC_WARN_UNUSED_FUNCTION = YES;
				GCC_WARN_UNUSED_VARIABLE = YES;
				IPHONEOS_DEPLOYMENT_TARGET = 14.0;
				MTL_ENABLE_DEBUG_INFO = INCLUDE_SOURCE;
				MTL_FAST_MATH = YES;
				ONLY_ACTIVE_ARCH = YES;
				SDKROOT = iphoneos;
				SWIFT_ACTIVE_COMPILATION_CONDITIONS = DEBUG;
				SWIFT_OPTIMIZATION_LEVEL = "-Onone";
			};
			name = Debug;
		};
		CD23208929B8C6EC003D0B84 /* Release */ = {
			isa = XCBuildConfiguration;
			buildSettings = {
				ALWAYS_SEARCH_USER_PATHS = NO;
				CLANG_ANALYZER_NONNULL = YES;
				CLANG_ANALYZER_NUMBER_OBJECT_CONVERSION = YES_AGGRESSIVE;
				CLANG_CXX_LANGUAGE_STANDARD = "gnu++20";
				CLANG_ENABLE_MODULES = YES;
				CLANG_ENABLE_OBJC_ARC = YES;
				CLANG_ENABLE_OBJC_WEAK = YES;
				CLANG_WARN_BLOCK_CAPTURE_AUTORELEASING = YES;
				CLANG_WARN_BOOL_CONVERSION = YES;
				CLANG_WARN_COMMA = YES;
				CLANG_WARN_CONSTANT_CONVERSION = YES;
				CLANG_WARN_DEPRECATED_OBJC_IMPLEMENTATIONS = YES;
				CLANG_WARN_DIRECT_OBJC_ISA_USAGE = YES_ERROR;
				CLANG_WARN_DOCUMENTATION_COMMENTS = YES;
				CLANG_WARN_EMPTY_BODY = YES;
				CLANG_WARN_ENUM_CONVERSION = YES;
				CLANG_WARN_INFINITE_RECURSION = YES;
				CLANG_WARN_INT_CONVERSION = YES;
				CLANG_WARN_NON_LITERAL_NULL_CONVERSION = YES;
				CLANG_WARN_OBJC_IMPLICIT_RETAIN_SELF = YES;
				CLANG_WARN_OBJC_LITERAL_CONVERSION = YES;
				CLANG_WARN_OBJC_ROOT_CLASS = YES_ERROR;
				CLANG_WARN_QUOTED_INCLUDE_IN_FRAMEWORK_HEADER = YES;
				CLANG_WARN_RANGE_LOOP_ANALYSIS = YES;
				CLANG_WARN_STRICT_PROTOTYPES = YES;
				CLANG_WARN_SUSPICIOUS_MOVE = YES;
				CLANG_WARN_UNGUARDED_AVAILABILITY = YES_AGGRESSIVE;
				CLANG_WARN_UNREACHABLE_CODE = YES;
				CLANG_WARN__DUPLICATE_METHOD_MATCH = YES;
				COPY_PHASE_STRIP = NO;
				DEBUG_INFORMATION_FORMAT = "dwarf-with-dsym";
				ENABLE_NS_ASSERTIONS = NO;
				ENABLE_STRICT_OBJC_MSGSEND = YES;
				GCC_C_LANGUAGE_STANDARD = gnu11;
				GCC_NO_COMMON_BLOCKS = YES;
				GCC_WARN_64_TO_32_BIT_CONVERSION = YES;
				GCC_WARN_ABOUT_RETURN_TYPE = YES_ERROR;
				GCC_WARN_UNDECLARED_SELECTOR = YES;
				GCC_WARN_UNINITIALIZED_AUTOS = YES_AGGRESSIVE;
				GCC_WARN_UNUSED_FUNCTION = YES;
				GCC_WARN_UNUSED_VARIABLE = YES;
				IPHONEOS_DEPLOYMENT_TARGET = 14.0;
				MTL_ENABLE_DEBUG_INFO = NO;
				MTL_FAST_MATH = YES;
				SDKROOT = iphoneos;
				SWIFT_COMPILATION_MODE = wholemodule;
				SWIFT_OPTIMIZATION_LEVEL = "-O";
				VALIDATE_PRODUCT = YES;
			};
			name = Release;
		};
		CD23208B29B8C6EC003D0B84 /* Debug */ = {
			isa = XCBuildConfiguration;
			buildSettings = {
				ASSETCATALOG_COMPILER_APPICON_NAME = AppIcon;
				ASSETCATALOG_COMPILER_GLOBAL_ACCENT_COLOR_NAME = AccentColor;
				CODE_SIGN_ENTITLEMENTS = Pointer_iOS/Pointer_iOS.entitlements;
				CODE_SIGN_STYLE = Automatic;
				CURRENT_PROJECT_VERSION = 1;
				DEVELOPMENT_TEAM = 2W8MRY52UN;
				GENERATE_INFOPLIST_FILE = YES;
				INFOPLIST_FILE = Pointer_iOS/Info.plist;
				INFOPLIST_KEY_NSCameraUsageDescription = "사진 및 동영상 첨부를 위한 카메라 사용 권한";
				INFOPLIST_KEY_NSMicrophoneUsageDescription = "동영상 촬영 및 음성인식을 위한 권한 필요";
				INFOPLIST_KEY_NSPhotoLibraryAddUsageDescription = "사진 및 동영상 추가를 위한 앨범 사용 권한";
				INFOPLIST_KEY_NSPhotoLibraryUsageDescription = "사진 및 동영상 첨부를 위한 앨범 사용 권한";
				INFOPLIST_KEY_UIApplicationSupportsIndirectInputEvents = YES;
				INFOPLIST_KEY_UILaunchStoryboardName = LaunchScreen;
				INFOPLIST_KEY_UIStatusBarStyle = UIStatusBarStyleLightContent;
				INFOPLIST_KEY_UISupportedInterfaceOrientations = UIInterfaceOrientationPortrait;
				IPHONEOS_DEPLOYMENT_TARGET = 14.0;
				LD_RUNPATH_SEARCH_PATHS = (
					"$(inherited)",
					"@executable_path/Frameworks",
				);
				MARKETING_VERSION = 1.0;
				PRODUCT_BUNDLE_IDENTIFIER = com.pointerApp.iOS;
				PRODUCT_NAME = "$(TARGET_NAME)";
				SWIFT_EMIT_LOC_STRINGS = YES;
				SWIFT_VERSION = 5.0;
				TARGETED_DEVICE_FAMILY = "1,2";
			};
			name = Debug;
		};
		CD23208C29B8C6EC003D0B84 /* Release */ = {
			isa = XCBuildConfiguration;
			buildSettings = {
				ASSETCATALOG_COMPILER_APPICON_NAME = AppIcon;
				ASSETCATALOG_COMPILER_GLOBAL_ACCENT_COLOR_NAME = AccentColor;
				CODE_SIGN_ENTITLEMENTS = Pointer_iOS/Pointer_iOS.entitlements;
				CODE_SIGN_STYLE = Automatic;
				CURRENT_PROJECT_VERSION = 1;
				DEVELOPMENT_TEAM = 2W8MRY52UN;
				GENERATE_INFOPLIST_FILE = YES;
				INFOPLIST_FILE = Pointer_iOS/Info.plist;
				INFOPLIST_KEY_NSCameraUsageDescription = "사진 및 동영상 첨부를 위한 카메라 사용 권한";
				INFOPLIST_KEY_NSMicrophoneUsageDescription = "동영상 촬영 및 음성인식을 위한 권한 필요";
				INFOPLIST_KEY_NSPhotoLibraryAddUsageDescription = "사진 및 동영상 추가를 위한 앨범 사용 권한";
				INFOPLIST_KEY_NSPhotoLibraryUsageDescription = "사진 및 동영상 첨부를 위한 앨범 사용 권한";
				INFOPLIST_KEY_UIApplicationSupportsIndirectInputEvents = YES;
				INFOPLIST_KEY_UILaunchStoryboardName = LaunchScreen;
				INFOPLIST_KEY_UIStatusBarStyle = UIStatusBarStyleLightContent;
				INFOPLIST_KEY_UISupportedInterfaceOrientations = UIInterfaceOrientationPortrait;
				IPHONEOS_DEPLOYMENT_TARGET = 14.0;
				LD_RUNPATH_SEARCH_PATHS = (
					"$(inherited)",
					"@executable_path/Frameworks",
				);
				MARKETING_VERSION = 1.0;
				PRODUCT_BUNDLE_IDENTIFIER = com.pointerApp.iOS;
				PRODUCT_NAME = "$(TARGET_NAME)";
				SWIFT_EMIT_LOC_STRINGS = YES;
				SWIFT_VERSION = 5.0;
				TARGETED_DEVICE_FAMILY = "1,2";
			};
			name = Release;
		};
/* End XCBuildConfiguration section */

/* Begin XCConfigurationList section */
		CD23207129B8C6EB003D0B84 /* Build configuration list for PBXProject "Pointer_iOS" */ = {
			isa = XCConfigurationList;
			buildConfigurations = (
				CD23208829B8C6EC003D0B84 /* Debug */,
				CD23208929B8C6EC003D0B84 /* Release */,
			);
			defaultConfigurationIsVisible = 0;
			defaultConfigurationName = Release;
		};
		CD23208A29B8C6EC003D0B84 /* Build configuration list for PBXNativeTarget "Pointer_iOS" */ = {
			isa = XCConfigurationList;
			buildConfigurations = (
				CD23208B29B8C6EC003D0B84 /* Debug */,
				CD23208C29B8C6EC003D0B84 /* Release */,
			);
			defaultConfigurationIsVisible = 0;
			defaultConfigurationName = Release;
		};
/* End XCConfigurationList section */

/* Begin XCRemoteSwiftPackageReference section */
		47117CAC29CB0366001707C8 /* XCRemoteSwiftPackageReference "FloatingPanel" */ = {
			isa = XCRemoteSwiftPackageReference;
			repositoryURL = "https://github.com/scenee/FloatingPanel.git";
			requirement = {
				kind = upToNextMajorVersion;
				minimumVersion = 2.0.0;
			};
		};
		47117CEF29CD9A1C001707C8 /* XCRemoteSwiftPackageReference "kakao-ios-sdk" */ = {
			isa = XCRemoteSwiftPackageReference;
			repositoryURL = "https://github.com/kakao/kakao-ios-sdk";
			requirement = {
				branch = master;
				kind = branch;
			};
		};
		CD0EE92C2A0804C00090BF48 /* XCRemoteSwiftPackageReference "RxSwift" */ = {
			isa = XCRemoteSwiftPackageReference;
			repositoryURL = "https://github.com/ReactiveX/RxSwift.git";
			requirement = {
				kind = upToNextMajorVersion;
				minimumVersion = 6.0.0;
			};
		};
		CD0EE9332A08050B0090BF48 /* XCRemoteSwiftPackageReference "RxGesture" */ = {
			isa = XCRemoteSwiftPackageReference;
			repositoryURL = "https://github.com/RxSwiftCommunity/RxGesture.git";
			requirement = {
				kind = upToNextMajorVersion;
				minimumVersion = 4.0.0;
			};
		};
		CD15E1782A1BC13C00A8E643 /* XCRemoteSwiftPackageReference "sendbird-uikit-ios-spm" */ = {
			isa = XCRemoteSwiftPackageReference;
			repositoryURL = "https://github.com/sendbird/sendbird-uikit-ios-spm.git";
			requirement = {
				branch = main;
				kind = branch;
			};
		};
		CD2DBEBC29C61D28005E377C /* XCRemoteSwiftPackageReference "BetterSegmentedControl" */ = {
			isa = XCRemoteSwiftPackageReference;
			repositoryURL = "https://github.com/gmarm/BetterSegmentedControl.git";
			requirement = {
				kind = upToNextMinorVersion;
				minimumVersion = 2.0.0;
			};
		};
		CD2F79C52A0FD34B0094F81F /* XCRemoteSwiftPackageReference "RxDataSources" */ = {
			isa = XCRemoteSwiftPackageReference;
			repositoryURL = "https://github.com/RxSwiftCommunity/RxDataSources.git";
			requirement = {
				kind = upToNextMajorVersion;
				minimumVersion = 5.0.0;
			};
		};
		CDD1DEDE29B9FE2600B03973 /* XCRemoteSwiftPackageReference "SnapKit" */ = {
			isa = XCRemoteSwiftPackageReference;
			repositoryURL = "https://github.com/SnapKit/SnapKit.git";
			requirement = {
				kind = upToNextMinorVersion;
				minimumVersion = 5.6.0;
			};
		};
		CDD1DEEC29B9FFFE00B03973 /* XCRemoteSwiftPackageReference "Kingfisher" */ = {
			isa = XCRemoteSwiftPackageReference;
			repositoryURL = "https://github.com/onevcat/Kingfisher";
			requirement = {
				kind = upToNextMinorVersion;
				minimumVersion = 7.6.0;
			};
		};
		CDEC904F2A0A80B100EA437D /* XCRemoteSwiftPackageReference "IQKeyboardManager" */ = {
			isa = XCRemoteSwiftPackageReference;
			repositoryURL = "https://github.com/hackiftekhar/IQKeyboardManager.git";
			requirement = {
				kind = upToNextMajorVersion;
				minimumVersion = 6.5.0;
			};
		};
/* End XCRemoteSwiftPackageReference section */

/* Begin XCSwiftPackageProductDependency section */
		47117CAD29CB0367001707C8 /* FloatingPanel */ = {
			isa = XCSwiftPackageProductDependency;
			package = 47117CAC29CB0366001707C8 /* XCRemoteSwiftPackageReference "FloatingPanel" */;
			productName = FloatingPanel;
		};
		47117CF029CD9A1C001707C8 /* KakaoSDK */ = {
			isa = XCSwiftPackageProductDependency;
			package = 47117CEF29CD9A1C001707C8 /* XCRemoteSwiftPackageReference "kakao-ios-sdk" */;
			productName = KakaoSDK;
		};
		CD0EE92D2A0804C00090BF48 /* RxCocoa */ = {
			isa = XCSwiftPackageProductDependency;
			package = CD0EE92C2A0804C00090BF48 /* XCRemoteSwiftPackageReference "RxSwift" */;
			productName = RxCocoa;
		};
		CD0EE92F2A0804C00090BF48 /* RxRelay */ = {
			isa = XCSwiftPackageProductDependency;
			package = CD0EE92C2A0804C00090BF48 /* XCRemoteSwiftPackageReference "RxSwift" */;
			productName = RxRelay;
		};
		CD0EE9312A0804C00090BF48 /* RxSwift */ = {
			isa = XCSwiftPackageProductDependency;
			package = CD0EE92C2A0804C00090BF48 /* XCRemoteSwiftPackageReference "RxSwift" */;
			productName = RxSwift;
		};
		CD0EE9342A08050B0090BF48 /* RxGesture */ = {
			isa = XCSwiftPackageProductDependency;
			package = CD0EE9332A08050B0090BF48 /* XCRemoteSwiftPackageReference "RxGesture" */;
			productName = RxGesture;
		};
		CD15E1792A1BC13C00A8E643 /* SendbirdUIKit */ = {
			isa = XCSwiftPackageProductDependency;
			package = CD15E1782A1BC13C00A8E643 /* XCRemoteSwiftPackageReference "sendbird-uikit-ios-spm" */;
			productName = SendbirdUIKit;
		};
		CD2DBEBD29C61D28005E377C /* BetterSegmentedControl */ = {
			isa = XCSwiftPackageProductDependency;
			package = CD2DBEBC29C61D28005E377C /* XCRemoteSwiftPackageReference "BetterSegmentedControl" */;
			productName = BetterSegmentedControl;
		};
		CD2F79C62A0FD34B0094F81F /* RxDataSources */ = {
			isa = XCSwiftPackageProductDependency;
			package = CD2F79C52A0FD34B0094F81F /* XCRemoteSwiftPackageReference "RxDataSources" */;
			productName = RxDataSources;
		};
		CDD1DEDF29B9FE2600B03973 /* SnapKit */ = {
			isa = XCSwiftPackageProductDependency;
			package = CDD1DEDE29B9FE2600B03973 /* XCRemoteSwiftPackageReference "SnapKit" */;
			productName = SnapKit;
		};
		CDD1DEED29B9FFFE00B03973 /* Kingfisher */ = {
			isa = XCSwiftPackageProductDependency;
			package = CDD1DEEC29B9FFFE00B03973 /* XCRemoteSwiftPackageReference "Kingfisher" */;
			productName = Kingfisher;
		};
		CDEC90502A0A80B100EA437D /* IQKeyboardManagerSwift */ = {
			isa = XCSwiftPackageProductDependency;
			package = CDEC904F2A0A80B100EA437D /* XCRemoteSwiftPackageReference "IQKeyboardManager" */;
			productName = IQKeyboardManagerSwift;
		};
/* End XCSwiftPackageProductDependency section */
	};
	rootObject = CD23206E29B8C6EB003D0B84 /* Project object */;
}
