// !$*UTF8*$!
{
	archiveVersion = 1;
	classes = {
	};
	objectVersion = 56;
	objects = {

/* Begin PBXBuildFile section */
		47117C9F29C2F391001707C8 /* RoomModel.swift in Sources */ = {isa = PBXBuildFile; fileRef = 47117C9E29C2F391001707C8 /* RoomModel.swift */; };
		47117CA529C72EB3001707C8 /* ResultViewController.swift in Sources */ = {isa = PBXBuildFile; fileRef = 47117CA429C72EB3001707C8 /* ResultViewController.swift */; };
		47117CA729C72EC6001707C8 /* ResultViewModel.swift in Sources */ = {isa = PBXBuildFile; fileRef = 47117CA629C72EC6001707C8 /* ResultViewModel.swift */; };
		47117CA929C72FEB001707C8 /* ResultView.swift in Sources */ = {isa = PBXBuildFile; fileRef = 47117CA829C72FEB001707C8 /* ResultView.swift */; };
		47117CAB29C74DCB001707C8 /* ResultChatView.swift in Sources */ = {isa = PBXBuildFile; fileRef = 47117CAA29C74DCB001707C8 /* ResultChatView.swift */; };
		47117CAE29CB0367001707C8 /* FloatingPanel in Frameworks */ = {isa = PBXBuildFile; productRef = 47117CAD29CB0367001707C8 /* FloatingPanel */; };
		47117CB029CB0487001707C8 /* FloatingChatViewController.swift in Sources */ = {isa = PBXBuildFile; fileRef = 47117CAF29CB0487001707C8 /* FloatingChatViewController.swift */; };
		47117CB229CB1E83001707C8 /* FloatChatTableViewCell.swift in Sources */ = {isa = PBXBuildFile; fileRef = 47117CB129CB1E83001707C8 /* FloatChatTableViewCell.swift */; };
		47117CB429CB2E0B001707C8 /* SelfSizingTableView.swift in Sources */ = {isa = PBXBuildFile; fileRef = 47117CB329CB2E0B001707C8 /* SelfSizingTableView.swift */; };
		4749D47429B9B99400011E06 /* NotoSansKR-Black.otf in Resources */ = {isa = PBXBuildFile; fileRef = 4749D46E29B9B99300011E06 /* NotoSansKR-Black.otf */; };
		4749D47529B9B99400011E06 /* NotoSansKR-Medium.otf in Resources */ = {isa = PBXBuildFile; fileRef = 4749D46F29B9B99400011E06 /* NotoSansKR-Medium.otf */; };
		4749D47629B9B99400011E06 /* NotoSansKR-Thin.otf in Resources */ = {isa = PBXBuildFile; fileRef = 4749D47029B9B99400011E06 /* NotoSansKR-Thin.otf */; };
		4749D47729B9B99400011E06 /* NotoSansKR-Bold.otf in Resources */ = {isa = PBXBuildFile; fileRef = 4749D47129B9B99400011E06 /* NotoSansKR-Bold.otf */; };
		4749D47829B9B99400011E06 /* NotoSansKR-Light.otf in Resources */ = {isa = PBXBuildFile; fileRef = 4749D47229B9B99400011E06 /* NotoSansKR-Light.otf */; };
		4749D47929B9B99400011E06 /* NotoSansKR-Regular.otf in Resources */ = {isa = PBXBuildFile; fileRef = 4749D47329B9B99400011E06 /* NotoSansKR-Regular.otf */; };
		4749D47B29B9BB3300011E06 /* UIImage.swift in Sources */ = {isa = PBXBuildFile; fileRef = 4749D47A29B9BB3300011E06 /* UIImage.swift */; };
		4749D48429BDEECE00011E06 /* RoomViewController.swift in Sources */ = {isa = PBXBuildFile; fileRef = 4749D48329BDEECE00011E06 /* RoomViewController.swift */; };
		4749D48629BDEEF500011E06 /* RoomPeopleTableViewCell.swift in Sources */ = {isa = PBXBuildFile; fileRef = 4749D48529BDEEF500011E06 /* RoomPeopleTableViewCell.swift */; };
		4749D48929BEEE0E00011E06 /* RoomViewModel.swift in Sources */ = {isa = PBXBuildFile; fileRef = 4749D48829BEEE0D00011E06 /* RoomViewModel.swift */; };
		4749D48D29C06C7400011E06 /* RoomTopView.swift in Sources */ = {isa = PBXBuildFile; fileRef = 4749D48C29C06C7400011E06 /* RoomTopView.swift */; };
		4749D48F29C0708000011E06 /* RoomBottomView.swift in Sources */ = {isa = PBXBuildFile; fileRef = 4749D48E29C0707F00011E06 /* RoomBottomView.swift */; };
		CD06C77C29C0C68600A88ACD /* TextfieldCustomView.swift in Sources */ = {isa = PBXBuildFile; fileRef = CD06C77B29C0C68600A88ACD /* TextfieldCustomView.swift */; };
		CD23207A29B8C6EB003D0B84 /* AppDelegate.swift in Sources */ = {isa = PBXBuildFile; fileRef = CD23207929B8C6EB003D0B84 /* AppDelegate.swift */; };
		CD23207C29B8C6EB003D0B84 /* SceneDelegate.swift in Sources */ = {isa = PBXBuildFile; fileRef = CD23207B29B8C6EB003D0B84 /* SceneDelegate.swift */; };
		CD23208329B8C6EC003D0B84 /* Assets.xcassets in Resources */ = {isa = PBXBuildFile; fileRef = CD23208229B8C6EC003D0B84 /* Assets.xcassets */; };
		CD23209229B8D260003D0B84 /* BaseViewController.swift in Sources */ = {isa = PBXBuildFile; fileRef = CD23209129B8D260003D0B84 /* BaseViewController.swift */; };
		CD23209529B8D2CC003D0B84 /* Constant.swift in Sources */ = {isa = PBXBuildFile; fileRef = CD23209429B8D2CC003D0B84 /* Constant.swift */; };
		CD23209829B8D2FB003D0B84 /* UIColor.swift in Sources */ = {isa = PBXBuildFile; fileRef = CD23209729B8D2FB003D0B84 /* UIColor.swift */; };
		CD23209A29B8D8F4003D0B84 /* UIView.swift in Sources */ = {isa = PBXBuildFile; fileRef = CD23209929B8D8F4003D0B84 /* UIView.swift */; };
		CD23209C29B8D9C1003D0B84 /* BaseTabBarController.swift in Sources */ = {isa = PBXBuildFile; fileRef = CD23209B29B8D9C1003D0B84 /* BaseTabBarController.swift */; };
		CD23209E29B8DC0E003D0B84 /* BaseNavigationController.swift in Sources */ = {isa = PBXBuildFile; fileRef = CD23209D29B8DC0E003D0B84 /* BaseNavigationController.swift */; };
		CD2DBEBE29C61D28005E377C /* BetterSegmentedControl in Frameworks */ = {isa = PBXBuildFile; productRef = CD2DBEBD29C61D28005E377C /* BetterSegmentedControl */; };
		CD2DBEC229C62234005E377C /* SearchResultController.swift in Sources */ = {isa = PBXBuildFile; fileRef = CD2DBEC129C62234005E377C /* SearchResultController.swift */; };
		CD2DBEC629C62BDE005E377C /* AccountInfoCell.swift in Sources */ = {isa = PBXBuildFile; fileRef = CD2DBEC529C62BDE005E377C /* AccountInfoCell.swift */; };
		CD2DBECA29C63317005E377C /* Device.swift in Sources */ = {isa = PBXBuildFile; fileRef = CD2DBEC929C63317005E377C /* Device.swift */; };
		CD6BCDA629BB2D5B00DB024C /* HomeController.swift in Sources */ = {isa = PBXBuildFile; fileRef = CD6BCDA529BB2D5B00DB024C /* HomeController.swift */; };
		CD6BCDAA29BB4B5E00DB024C /* UIBarButtonItem.swift in Sources */ = {isa = PBXBuildFile; fileRef = CD6BCDA929BB4B5E00DB024C /* UIBarButtonItem.swift */; };
		CD6BCDAC29BB97B300DB024C /* RoomPreviewCell.swift in Sources */ = {isa = PBXBuildFile; fileRef = CD6BCDAB29BB97B300DB024C /* RoomPreviewCell.swift */; };
		CD7A70F929BDE7F3003E140C /* RxCocoa in Frameworks */ = {isa = PBXBuildFile; productRef = CD7A70F829BDE7F3003E140C /* RxCocoa */; };
		CD7A70FB29BDE7F3003E140C /* RxRelay in Frameworks */ = {isa = PBXBuildFile; productRef = CD7A70FA29BDE7F3003E140C /* RxRelay */; };
		CD7A70FD29BDE7F3003E140C /* RxSwift in Frameworks */ = {isa = PBXBuildFile; productRef = CD7A70FC29BDE7F3003E140C /* RxSwift */; };
		CD7A70FF29BE23D0003E140C /* UIFont.swift in Sources */ = {isa = PBXBuildFile; fileRef = CD7A70FE29BE23D0003E140C /* UIFont.swift */; };
		CD90B48A29BE327700772192 /* PointerAlert.swift in Sources */ = {isa = PBXBuildFile; fileRef = CD90B48929BE327700772192 /* PointerAlert.swift */; };
		CDC51EC929C4EB0C00E8BC58 /* SearchController.swift in Sources */ = {isa = PBXBuildFile; fileRef = CDC51EC829C4EB0C00E8BC58 /* SearchController.swift */; };
		CDD1DEE029B9FE2600B03973 /* SnapKit in Frameworks */ = {isa = PBXBuildFile; productRef = CDD1DEDF29B9FE2600B03973 /* SnapKit */; };
		CDD1DEEE29B9FFFE00B03973 /* Kingfisher in Frameworks */ = {isa = PBXBuildFile; productRef = CDD1DEED29B9FFFE00B03973 /* Kingfisher */; };
/* End PBXBuildFile section */

/* Begin PBXFileReference section */
		47117C9E29C2F391001707C8 /* RoomModel.swift */ = {isa = PBXFileReference; lastKnownFileType = sourcecode.swift; path = RoomModel.swift; sourceTree = "<group>"; };
		47117CA429C72EB3001707C8 /* ResultViewController.swift */ = {isa = PBXFileReference; lastKnownFileType = sourcecode.swift; path = ResultViewController.swift; sourceTree = "<group>"; };
		47117CA629C72EC6001707C8 /* ResultViewModel.swift */ = {isa = PBXFileReference; lastKnownFileType = sourcecode.swift; path = ResultViewModel.swift; sourceTree = "<group>"; };
		47117CA829C72FEB001707C8 /* ResultView.swift */ = {isa = PBXFileReference; lastKnownFileType = sourcecode.swift; path = ResultView.swift; sourceTree = "<group>"; };
		47117CAA29C74DCB001707C8 /* ResultChatView.swift */ = {isa = PBXFileReference; lastKnownFileType = sourcecode.swift; path = ResultChatView.swift; sourceTree = "<group>"; };
		47117CAF29CB0487001707C8 /* FloatingChatViewController.swift */ = {isa = PBXFileReference; lastKnownFileType = sourcecode.swift; path = FloatingChatViewController.swift; sourceTree = "<group>"; };
		47117CB129CB1E83001707C8 /* FloatChatTableViewCell.swift */ = {isa = PBXFileReference; lastKnownFileType = sourcecode.swift; path = FloatChatTableViewCell.swift; sourceTree = "<group>"; };
		47117CB329CB2E0B001707C8 /* SelfSizingTableView.swift */ = {isa = PBXFileReference; lastKnownFileType = sourcecode.swift; path = SelfSizingTableView.swift; sourceTree = "<group>"; };
		4749D46E29B9B99300011E06 /* NotoSansKR-Black.otf */ = {isa = PBXFileReference; lastKnownFileType = file; path = "NotoSansKR-Black.otf"; sourceTree = "<group>"; };
		4749D46F29B9B99400011E06 /* NotoSansKR-Medium.otf */ = {isa = PBXFileReference; lastKnownFileType = file; path = "NotoSansKR-Medium.otf"; sourceTree = "<group>"; };
		4749D47029B9B99400011E06 /* NotoSansKR-Thin.otf */ = {isa = PBXFileReference; lastKnownFileType = file; path = "NotoSansKR-Thin.otf"; sourceTree = "<group>"; };
		4749D47129B9B99400011E06 /* NotoSansKR-Bold.otf */ = {isa = PBXFileReference; lastKnownFileType = file; path = "NotoSansKR-Bold.otf"; sourceTree = "<group>"; };
		4749D47229B9B99400011E06 /* NotoSansKR-Light.otf */ = {isa = PBXFileReference; lastKnownFileType = file; path = "NotoSansKR-Light.otf"; sourceTree = "<group>"; };
		4749D47329B9B99400011E06 /* NotoSansKR-Regular.otf */ = {isa = PBXFileReference; lastKnownFileType = file; path = "NotoSansKR-Regular.otf"; sourceTree = "<group>"; };
		4749D47A29B9BB3300011E06 /* UIImage.swift */ = {isa = PBXFileReference; lastKnownFileType = sourcecode.swift; path = UIImage.swift; sourceTree = "<group>"; };
		4749D48329BDEECE00011E06 /* RoomViewController.swift */ = {isa = PBXFileReference; lastKnownFileType = sourcecode.swift; path = RoomViewController.swift; sourceTree = "<group>"; };
		4749D48529BDEEF500011E06 /* RoomPeopleTableViewCell.swift */ = {isa = PBXFileReference; lastKnownFileType = sourcecode.swift; path = RoomPeopleTableViewCell.swift; sourceTree = "<group>"; };
		4749D48829BEEE0D00011E06 /* RoomViewModel.swift */ = {isa = PBXFileReference; lastKnownFileType = sourcecode.swift; path = RoomViewModel.swift; sourceTree = "<group>"; };
		4749D48C29C06C7400011E06 /* RoomTopView.swift */ = {isa = PBXFileReference; lastKnownFileType = sourcecode.swift; path = RoomTopView.swift; sourceTree = "<group>"; };
		4749D48E29C0707F00011E06 /* RoomBottomView.swift */ = {isa = PBXFileReference; lastKnownFileType = sourcecode.swift; path = RoomBottomView.swift; sourceTree = "<group>"; };
		CD06C77B29C0C68600A88ACD /* TextfieldCustomView.swift */ = {isa = PBXFileReference; lastKnownFileType = sourcecode.swift; path = TextfieldCustomView.swift; sourceTree = "<group>"; };
		CD23207629B8C6EB003D0B84 /* Pointer_iOS.app */ = {isa = PBXFileReference; explicitFileType = wrapper.application; includeInIndex = 0; path = Pointer_iOS.app; sourceTree = BUILT_PRODUCTS_DIR; };
		CD23207929B8C6EB003D0B84 /* AppDelegate.swift */ = {isa = PBXFileReference; lastKnownFileType = sourcecode.swift; path = AppDelegate.swift; sourceTree = "<group>"; };
		CD23207B29B8C6EB003D0B84 /* SceneDelegate.swift */ = {isa = PBXFileReference; lastKnownFileType = sourcecode.swift; path = SceneDelegate.swift; sourceTree = "<group>"; };
		CD23208229B8C6EC003D0B84 /* Assets.xcassets */ = {isa = PBXFileReference; lastKnownFileType = folder.assetcatalog; path = Assets.xcassets; sourceTree = "<group>"; };
		CD23208729B8C6EC003D0B84 /* Info.plist */ = {isa = PBXFileReference; lastKnownFileType = text.plist.xml; path = Info.plist; sourceTree = "<group>"; };
		CD23209129B8D260003D0B84 /* BaseViewController.swift */ = {isa = PBXFileReference; lastKnownFileType = sourcecode.swift; path = BaseViewController.swift; sourceTree = "<group>"; };
		CD23209429B8D2CC003D0B84 /* Constant.swift */ = {isa = PBXFileReference; lastKnownFileType = sourcecode.swift; path = Constant.swift; sourceTree = "<group>"; };
		CD23209729B8D2FB003D0B84 /* UIColor.swift */ = {isa = PBXFileReference; lastKnownFileType = sourcecode.swift; path = UIColor.swift; sourceTree = "<group>"; };
		CD23209929B8D8F4003D0B84 /* UIView.swift */ = {isa = PBXFileReference; lastKnownFileType = sourcecode.swift; path = UIView.swift; sourceTree = "<group>"; };
		CD23209B29B8D9C1003D0B84 /* BaseTabBarController.swift */ = {isa = PBXFileReference; lastKnownFileType = sourcecode.swift; path = BaseTabBarController.swift; sourceTree = "<group>"; };
		CD23209D29B8DC0E003D0B84 /* BaseNavigationController.swift */ = {isa = PBXFileReference; lastKnownFileType = sourcecode.swift; path = BaseNavigationController.swift; sourceTree = "<group>"; };
		CD2DBEC129C62234005E377C /* SearchResultController.swift */ = {isa = PBXFileReference; lastKnownFileType = sourcecode.swift; path = SearchResultController.swift; sourceTree = "<group>"; };
		CD2DBEC529C62BDE005E377C /* AccountInfoCell.swift */ = {isa = PBXFileReference; lastKnownFileType = sourcecode.swift; path = AccountInfoCell.swift; sourceTree = "<group>"; };
		CD2DBEC929C63317005E377C /* Device.swift */ = {isa = PBXFileReference; lastKnownFileType = sourcecode.swift; path = Device.swift; sourceTree = "<group>"; };
		CD6BCDA529BB2D5B00DB024C /* HomeController.swift */ = {isa = PBXFileReference; lastKnownFileType = sourcecode.swift; path = HomeController.swift; sourceTree = "<group>"; };
		CD6BCDA929BB4B5E00DB024C /* UIBarButtonItem.swift */ = {isa = PBXFileReference; lastKnownFileType = sourcecode.swift; path = UIBarButtonItem.swift; sourceTree = "<group>"; };
		CD6BCDAB29BB97B300DB024C /* RoomPreviewCell.swift */ = {isa = PBXFileReference; lastKnownFileType = sourcecode.swift; path = RoomPreviewCell.swift; sourceTree = "<group>"; };
		CD7A70FE29BE23D0003E140C /* UIFont.swift */ = {isa = PBXFileReference; lastKnownFileType = sourcecode.swift; path = UIFont.swift; sourceTree = "<group>"; };
		CD90B48929BE327700772192 /* PointerAlert.swift */ = {isa = PBXFileReference; lastKnownFileType = sourcecode.swift; path = PointerAlert.swift; sourceTree = "<group>"; };
		CDC51EC829C4EB0C00E8BC58 /* SearchController.swift */ = {isa = PBXFileReference; lastKnownFileType = sourcecode.swift; path = SearchController.swift; sourceTree = "<group>"; };
/* End PBXFileReference section */

/* Begin PBXFrameworksBuildPhase section */
		CD23207329B8C6EB003D0B84 /* Frameworks */ = {
			isa = PBXFrameworksBuildPhase;
			buildActionMask = 2147483647;
			files = (
				CD7A70FD29BDE7F3003E140C /* RxSwift in Frameworks */,
				CD7A70FB29BDE7F3003E140C /* RxRelay in Frameworks */,
				CDD1DEE029B9FE2600B03973 /* SnapKit in Frameworks */,
				CD7A70F929BDE7F3003E140C /* RxCocoa in Frameworks */,
				CDD1DEEE29B9FFFE00B03973 /* Kingfisher in Frameworks */,
				47117CAE29CB0367001707C8 /* FloatingPanel in Frameworks */,
				CD2DBEBE29C61D28005E377C /* BetterSegmentedControl in Frameworks */,
			);
			runOnlyForDeploymentPostprocessing = 0;
		};
/* End PBXFrameworksBuildPhase section */

/* Begin PBXGroup section */
		47117C9D29C2F385001707C8 /* Model */ = {
			isa = PBXGroup;
			children = (
				47117C9E29C2F391001707C8 /* RoomModel.swift */,
			);
			path = Model;
			sourceTree = "<group>";
		};
		47117CA029C72E23001707C8 /* Result */ = {
			isa = PBXGroup;
			children = (
				47117CA229C72E74001707C8 /* View */,
				47117CAF29CB0487001707C8 /* FloatingChatViewController.swift */,
				47117CB129CB1E83001707C8 /* FloatChatTableViewCell.swift */,
				47117CA329C72E78001707C8 /* ViewModel */,
			);
			path = Result;
			sourceTree = "<group>";
		};
		47117CA229C72E74001707C8 /* View */ = {
			isa = PBXGroup;
			children = (
				47117CA429C72EB3001707C8 /* ResultViewController.swift */,
				47117CA829C72FEB001707C8 /* ResultView.swift */,
				47117CAA29C74DCB001707C8 /* ResultChatView.swift */,
			);
			path = View;
			sourceTree = "<group>";
		};
		47117CA329C72E78001707C8 /* ViewModel */ = {
			isa = PBXGroup;
			children = (
				47117CA629C72EC6001707C8 /* ResultViewModel.swift */,
			);
			path = ViewModel;
			sourceTree = "<group>";
		};
		4749D46D29B9B96800011E06 /* Font */ = {
			isa = PBXGroup;
			children = (
				4749D46E29B9B99300011E06 /* NotoSansKR-Black.otf */,
				4749D47129B9B99400011E06 /* NotoSansKR-Bold.otf */,
				4749D47229B9B99400011E06 /* NotoSansKR-Light.otf */,
				4749D46F29B9B99400011E06 /* NotoSansKR-Medium.otf */,
				4749D47329B9B99400011E06 /* NotoSansKR-Regular.otf */,
				4749D47029B9B99400011E06 /* NotoSansKR-Thin.otf */,
			);
			path = Font;
			sourceTree = "<group>";
		};
		CD077F4B29BF8A61005A01A9 /* Common */ = {
			isa = PBXGroup;
			children = (
				CD2DBEC829C631CC005E377C /* Cell */,
				CD90B48929BE327700772192 /* PointerAlert.swift */,
			);
			path = Common;
			sourceTree = "<group>";
		};
		CD23206D29B8C6EB003D0B84 = {
			isa = PBXGroup;
			children = (
				CD23207829B8C6EB003D0B84 /* Pointer_iOS */,
				CD23207729B8C6EB003D0B84 /* Products */,
			);
			sourceTree = "<group>";
		};
		CD23207729B8C6EB003D0B84 /* Products */ = {
			isa = PBXGroup;
			children = (
				CD23207629B8C6EB003D0B84 /* Pointer_iOS.app */,
			);
			name = Products;
			sourceTree = "<group>";
		};
		CD23207829B8C6EB003D0B84 /* Pointer_iOS */ = {
			isa = PBXGroup;
			children = (
				CD23208F29B8CFCB003D0B84 /* Util */,
				CD23208D29B8CFC5003D0B84 /* Base */,
				CD23209329B8D2AF003D0B84 /* API */,
				CD23208E29B8CFC8003D0B84 /* Secret */,
				CD23209029B8D253003D0B84 /* Sources */,
				CD23207929B8C6EB003D0B84 /* AppDelegate.swift */,
				CD23207B29B8C6EB003D0B84 /* SceneDelegate.swift */,
				CD23208229B8C6EC003D0B84 /* Assets.xcassets */,
				CD23208729B8C6EC003D0B84 /* Info.plist */,
				4749D46D29B9B96800011E06 /* Font */,
			);
			path = Pointer_iOS;
			sourceTree = "<group>";
		};
		CD23208D29B8CFC5003D0B84 /* Base */ = {
			isa = PBXGroup;
			children = (
				CD23209129B8D260003D0B84 /* BaseViewController.swift */,
				CD23209B29B8D9C1003D0B84 /* BaseTabBarController.swift */,
				CD23209D29B8DC0E003D0B84 /* BaseNavigationController.swift */,
			);
			path = Base;
			sourceTree = "<group>";
		};
		CD23208E29B8CFC8003D0B84 /* Secret */ = {
			isa = PBXGroup;
			children = (
			);
			path = Secret;
			sourceTree = "<group>";
		};
		CD23208F29B8CFCB003D0B84 /* Util */ = {
			isa = PBXGroup;
			children = (
				CD2DBEC929C63317005E377C /* Device.swift */,
				CD23209429B8D2CC003D0B84 /* Constant.swift */,
				CD23209629B8D2ED003D0B84 /* Extension */,
			);
			path = Util;
			sourceTree = "<group>";
		};
		CD23209029B8D253003D0B84 /* Sources */ = {
			isa = PBXGroup;
			children = (
				CD077F4B29BF8A61005A01A9 /* Common */,
				CDD1DEF529BA006700B03973 /* Models */,
				CDD1DEEF29BA002400B03973 /* Home */,
				CDD1DEF029BA004100B03973 /* Room */,
				47117CA029C72E23001707C8 /* Result */,
				CDC51EC729C4EAF700E8BC58 /* Search */,
			);
			path = Sources;
			sourceTree = "<group>";
		};
		CD23209329B8D2AF003D0B84 /* API */ = {
			isa = PBXGroup;
			children = (
			);
			path = API;
			sourceTree = "<group>";
		};
		CD23209629B8D2ED003D0B84 /* Extension */ = {
			isa = PBXGroup;
			children = (
				CD6BCDA929BB4B5E00DB024C /* UIBarButtonItem.swift */,
				CD23209729B8D2FB003D0B84 /* UIColor.swift */,
				CD23209929B8D8F4003D0B84 /* UIView.swift */,
				4749D47A29B9BB3300011E06 /* UIImage.swift */,
				CD7A70FE29BE23D0003E140C /* UIFont.swift */,
				47117CB329CB2E0B001707C8 /* SelfSizingTableView.swift */,
			);
			path = Extension;
			sourceTree = "<group>";
		};
		CD2DBEC729C631B4005E377C /* View */ = {
			isa = PBXGroup;
			children = (
				CDC51EC829C4EB0C00E8BC58 /* SearchController.swift */,
				CD2DBEC129C62234005E377C /* SearchResultController.swift */,
			);
			path = View;
			sourceTree = "<group>";
		};
		CD2DBEC829C631CC005E377C /* Cell */ = {
			isa = PBXGroup;
			children = (
				CD6BCDAB29BB97B300DB024C /* RoomPreviewCell.swift */,
				CD2DBEC529C62BDE005E377C /* AccountInfoCell.swift */,
			);
			path = Cell;
			sourceTree = "<group>";
		};
		CDC51EC729C4EAF700E8BC58 /* Search */ = {
			isa = PBXGroup;
			children = (
				CD2DBEC729C631B4005E377C /* View */,
			);
			path = Search;
			sourceTree = "<group>";
		};
		CDD1DEEF29BA002400B03973 /* Home */ = {
			isa = PBXGroup;
			children = (
				CDD1DEF129BA004A00B03973 /* View */,
				CDD1DEF229BA005000B03973 /* ViewModel */,
			);
			path = Home;
			sourceTree = "<group>";
		};
		CDD1DEF029BA004100B03973 /* Room */ = {
			isa = PBXGroup;
			children = (
				47117C9D29C2F385001707C8 /* Model */,
				CDD1DEF429BA005800B03973 /* View */,
				CDD1DEF329BA005800B03973 /* ViewModel */,
			);
			path = Room;
			sourceTree = "<group>";
		};
		CDD1DEF129BA004A00B03973 /* View */ = {
			isa = PBXGroup;
			children = (
				CD6BCDA529BB2D5B00DB024C /* HomeController.swift */,
				CD06C77B29C0C68600A88ACD /* TextfieldCustomView.swift */,
			);
			path = View;
			sourceTree = "<group>";
		};
		CDD1DEF229BA005000B03973 /* ViewModel */ = {
			isa = PBXGroup;
			children = (
			);
			path = ViewModel;
			sourceTree = "<group>";
		};
		CDD1DEF329BA005800B03973 /* ViewModel */ = {
			isa = PBXGroup;
			children = (
				4749D48829BEEE0D00011E06 /* RoomViewModel.swift */,
			);
			path = ViewModel;
			sourceTree = "<group>";
		};
		CDD1DEF429BA005800B03973 /* View */ = {
			isa = PBXGroup;
			children = (
				4749D48329BDEECE00011E06 /* RoomViewController.swift */,
				4749D48529BDEEF500011E06 /* RoomPeopleTableViewCell.swift */,
				4749D48C29C06C7400011E06 /* RoomTopView.swift */,
				4749D48E29C0707F00011E06 /* RoomBottomView.swift */,
			);
			path = View;
			sourceTree = "<group>";
		};
		CDD1DEF529BA006700B03973 /* Models */ = {
			isa = PBXGroup;
			children = (
			);
			path = Models;
			sourceTree = "<group>";
		};
/* End PBXGroup section */

/* Begin PBXNativeTarget section */
		CD23207529B8C6EB003D0B84 /* Pointer_iOS */ = {
			isa = PBXNativeTarget;
			buildConfigurationList = CD23208A29B8C6EC003D0B84 /* Build configuration list for PBXNativeTarget "Pointer_iOS" */;
			buildPhases = (
				CD23207229B8C6EB003D0B84 /* Sources */,
				CD23207329B8C6EB003D0B84 /* Frameworks */,
				CD23207429B8C6EB003D0B84 /* Resources */,
			);
			buildRules = (
			);
			dependencies = (
			);
			name = Pointer_iOS;
			packageProductDependencies = (
				CDD1DEDF29B9FE2600B03973 /* SnapKit */,
				CDD1DEED29B9FFFE00B03973 /* Kingfisher */,
				CD7A70F829BDE7F3003E140C /* RxCocoa */,
				CD7A70FA29BDE7F3003E140C /* RxRelay */,
				CD7A70FC29BDE7F3003E140C /* RxSwift */,
				CD2DBEBD29C61D28005E377C /* BetterSegmentedControl */,
				47117CAD29CB0367001707C8 /* FloatingPanel */,
			);
			productName = Pointer_iOS;
			productReference = CD23207629B8C6EB003D0B84 /* Pointer_iOS.app */;
			productType = "com.apple.product-type.application";
		};
/* End PBXNativeTarget section */

/* Begin PBXProject section */
		CD23206E29B8C6EB003D0B84 /* Project object */ = {
			isa = PBXProject;
			attributes = {
				BuildIndependentTargetsInParallel = 1;
				LastSwiftUpdateCheck = 1420;
				LastUpgradeCheck = 1420;
				TargetAttributes = {
					CD23207529B8C6EB003D0B84 = {
						CreatedOnToolsVersion = 14.2;
					};
				};
			};
			buildConfigurationList = CD23207129B8C6EB003D0B84 /* Build configuration list for PBXProject "Pointer_iOS" */;
			compatibilityVersion = "Xcode 14.0";
			developmentRegion = en;
			hasScannedForEncodings = 0;
			knownRegions = (
				en,
				Base,
			);
			mainGroup = CD23206D29B8C6EB003D0B84;
			packageReferences = (
				CDD1DEDE29B9FE2600B03973 /* XCRemoteSwiftPackageReference "SnapKit" */,
				CDD1DEEC29B9FFFE00B03973 /* XCRemoteSwiftPackageReference "Kingfisher" */,
				CD7A70F729BDE7F3003E140C /* XCRemoteSwiftPackageReference "RxSwift" */,
				CD2DBEBC29C61D28005E377C /* XCRemoteSwiftPackageReference "BetterSegmentedControl" */,
				47117CAC29CB0366001707C8 /* XCRemoteSwiftPackageReference "FloatingPanel" */,
			);
			productRefGroup = CD23207729B8C6EB003D0B84 /* Products */;
			projectDirPath = "";
			projectRoot = "";
			targets = (
				CD23207529B8C6EB003D0B84 /* Pointer_iOS */,
			);
		};
/* End PBXProject section */

/* Begin PBXResourcesBuildPhase section */
		CD23207429B8C6EB003D0B84 /* Resources */ = {
			isa = PBXResourcesBuildPhase;
			buildActionMask = 2147483647;
			files = (
				4749D47829B9B99400011E06 /* NotoSansKR-Light.otf in Resources */,
				4749D47629B9B99400011E06 /* NotoSansKR-Thin.otf in Resources */,
				4749D47529B9B99400011E06 /* NotoSansKR-Medium.otf in Resources */,
				CD23208329B8C6EC003D0B84 /* Assets.xcassets in Resources */,
				4749D47429B9B99400011E06 /* NotoSansKR-Black.otf in Resources */,
				4749D47729B9B99400011E06 /* NotoSansKR-Bold.otf in Resources */,
				4749D47929B9B99400011E06 /* NotoSansKR-Regular.otf in Resources */,
			);
			runOnlyForDeploymentPostprocessing = 0;
		};
/* End PBXResourcesBuildPhase section */

/* Begin PBXSourcesBuildPhase section */
		CD23207229B8C6EB003D0B84 /* Sources */ = {
			isa = PBXSourcesBuildPhase;
			buildActionMask = 2147483647;
			files = (
				CD6BCDAC29BB97B300DB024C /* RoomPreviewCell.swift in Sources */,
				CD23209E29B8DC0E003D0B84 /* BaseNavigationController.swift in Sources */,
				47117CB229CB1E83001707C8 /* FloatChatTableViewCell.swift in Sources */,
				4749D48429BDEECE00011E06 /* RoomViewController.swift in Sources */,
				4749D47B29B9BB3300011E06 /* UIImage.swift in Sources */,
				CD6BCDAA29BB4B5E00DB024C /* UIBarButtonItem.swift in Sources */,
				47117CA929C72FEB001707C8 /* ResultView.swift in Sources */,
				CD23209C29B8D9C1003D0B84 /* BaseTabBarController.swift in Sources */,
				CD90B48A29BE327700772192 /* PointerAlert.swift in Sources */,
				CD23209829B8D2FB003D0B84 /* UIColor.swift in Sources */,
				4749D48D29C06C7400011E06 /* RoomTopView.swift in Sources */,
				CD6BCDA629BB2D5B00DB024C /* HomeController.swift in Sources */,
				CDC51EC929C4EB0C00E8BC58 /* SearchController.swift in Sources */,
				47117CB029CB0487001707C8 /* FloatingChatViewController.swift in Sources */,
				CD2DBEC229C62234005E377C /* SearchResultController.swift in Sources */,
				CD7A70FF29BE23D0003E140C /* UIFont.swift in Sources */,
				47117CA529C72EB3001707C8 /* ResultViewController.swift in Sources */,
				CD06C77C29C0C68600A88ACD /* TextfieldCustomView.swift in Sources */,
				CD23209229B8D260003D0B84 /* BaseViewController.swift in Sources */,
				CD2DBECA29C63317005E377C /* Device.swift in Sources */,
				4749D48629BDEEF500011E06 /* RoomPeopleTableViewCell.swift in Sources */,
				47117CB429CB2E0B001707C8 /* SelfSizingTableView.swift in Sources */,
				47117C9F29C2F391001707C8 /* RoomModel.swift in Sources */,
				47117CA729C72EC6001707C8 /* ResultViewModel.swift in Sources */,
				4749D48F29C0708000011E06 /* RoomBottomView.swift in Sources */,
				CD2DBEC629C62BDE005E377C /* AccountInfoCell.swift in Sources */,
				4749D48929BEEE0E00011E06 /* RoomViewModel.swift in Sources */,
				CD23209A29B8D8F4003D0B84 /* UIView.swift in Sources */,
				CD23209529B8D2CC003D0B84 /* Constant.swift in Sources */,
				47117CAB29C74DCB001707C8 /* ResultChatView.swift in Sources */,
				CD23207A29B8C6EB003D0B84 /* AppDelegate.swift in Sources */,
				CD23207C29B8C6EB003D0B84 /* SceneDelegate.swift in Sources */,
			);
			runOnlyForDeploymentPostprocessing = 0;
		};
/* End PBXSourcesBuildPhase section */

/* Begin XCBuildConfiguration section */
		CD23208829B8C6EC003D0B84 /* Debug */ = {
			isa = XCBuildConfiguration;
			buildSettings = {
				ALWAYS_SEARCH_USER_PATHS = NO;
				CLANG_ANALYZER_NONNULL = YES;
				CLANG_ANALYZER_NUMBER_OBJECT_CONVERSION = YES_AGGRESSIVE;
				CLANG_CXX_LANGUAGE_STANDARD = "gnu++20";
				CLANG_ENABLE_MODULES = YES;
				CLANG_ENABLE_OBJC_ARC = YES;
				CLANG_ENABLE_OBJC_WEAK = YES;
				CLANG_WARN_BLOCK_CAPTURE_AUTORELEASING = YES;
				CLANG_WARN_BOOL_CONVERSION = YES;
				CLANG_WARN_COMMA = YES;
				CLANG_WARN_CONSTANT_CONVERSION = YES;
				CLANG_WARN_DEPRECATED_OBJC_IMPLEMENTATIONS = YES;
				CLANG_WARN_DIRECT_OBJC_ISA_USAGE = YES_ERROR;
				CLANG_WARN_DOCUMENTATION_COMMENTS = YES;
				CLANG_WARN_EMPTY_BODY = YES;
				CLANG_WARN_ENUM_CONVERSION = YES;
				CLANG_WARN_INFINITE_RECURSION = YES;
				CLANG_WARN_INT_CONVERSION = YES;
				CLANG_WARN_NON_LITERAL_NULL_CONVERSION = YES;
				CLANG_WARN_OBJC_IMPLICIT_RETAIN_SELF = YES;
				CLANG_WARN_OBJC_LITERAL_CONVERSION = YES;
				CLANG_WARN_OBJC_ROOT_CLASS = YES_ERROR;
				CLANG_WARN_QUOTED_INCLUDE_IN_FRAMEWORK_HEADER = YES;
				CLANG_WARN_RANGE_LOOP_ANALYSIS = YES;
				CLANG_WARN_STRICT_PROTOTYPES = YES;
				CLANG_WARN_SUSPICIOUS_MOVE = YES;
				CLANG_WARN_UNGUARDED_AVAILABILITY = YES_AGGRESSIVE;
				CLANG_WARN_UNREACHABLE_CODE = YES;
				CLANG_WARN__DUPLICATE_METHOD_MATCH = YES;
				COPY_PHASE_STRIP = NO;
				DEBUG_INFORMATION_FORMAT = dwarf;
				ENABLE_STRICT_OBJC_MSGSEND = YES;
				ENABLE_TESTABILITY = YES;
				GCC_C_LANGUAGE_STANDARD = gnu11;
				GCC_DYNAMIC_NO_PIC = NO;
				GCC_NO_COMMON_BLOCKS = YES;
				GCC_OPTIMIZATION_LEVEL = 0;
				GCC_PREPROCESSOR_DEFINITIONS = (
					"DEBUG=1",
					"$(inherited)",
				);
				GCC_WARN_64_TO_32_BIT_CONVERSION = YES;
				GCC_WARN_ABOUT_RETURN_TYPE = YES_ERROR;
				GCC_WARN_UNDECLARED_SELECTOR = YES;
				GCC_WARN_UNINITIALIZED_AUTOS = YES_AGGRESSIVE;
				GCC_WARN_UNUSED_FUNCTION = YES;
				GCC_WARN_UNUSED_VARIABLE = YES;
				IPHONEOS_DEPLOYMENT_TARGET = 14.0;
				MTL_ENABLE_DEBUG_INFO = INCLUDE_SOURCE;
				MTL_FAST_MATH = YES;
				ONLY_ACTIVE_ARCH = YES;
				SDKROOT = iphoneos;
				SWIFT_ACTIVE_COMPILATION_CONDITIONS = DEBUG;
				SWIFT_OPTIMIZATION_LEVEL = "-Onone";
			};
			name = Debug;
		};
		CD23208929B8C6EC003D0B84 /* Release */ = {
			isa = XCBuildConfiguration;
			buildSettings = {
				ALWAYS_SEARCH_USER_PATHS = NO;
				CLANG_ANALYZER_NONNULL = YES;
				CLANG_ANALYZER_NUMBER_OBJECT_CONVERSION = YES_AGGRESSIVE;
				CLANG_CXX_LANGUAGE_STANDARD = "gnu++20";
				CLANG_ENABLE_MODULES = YES;
				CLANG_ENABLE_OBJC_ARC = YES;
				CLANG_ENABLE_OBJC_WEAK = YES;
				CLANG_WARN_BLOCK_CAPTURE_AUTORELEASING = YES;
				CLANG_WARN_BOOL_CONVERSION = YES;
				CLANG_WARN_COMMA = YES;
				CLANG_WARN_CONSTANT_CONVERSION = YES;
				CLANG_WARN_DEPRECATED_OBJC_IMPLEMENTATIONS = YES;
				CLANG_WARN_DIRECT_OBJC_ISA_USAGE = YES_ERROR;
				CLANG_WARN_DOCUMENTATION_COMMENTS = YES;
				CLANG_WARN_EMPTY_BODY = YES;
				CLANG_WARN_ENUM_CONVERSION = YES;
				CLANG_WARN_INFINITE_RECURSION = YES;
				CLANG_WARN_INT_CONVERSION = YES;
				CLANG_WARN_NON_LITERAL_NULL_CONVERSION = YES;
				CLANG_WARN_OBJC_IMPLICIT_RETAIN_SELF = YES;
				CLANG_WARN_OBJC_LITERAL_CONVERSION = YES;
				CLANG_WARN_OBJC_ROOT_CLASS = YES_ERROR;
				CLANG_WARN_QUOTED_INCLUDE_IN_FRAMEWORK_HEADER = YES;
				CLANG_WARN_RANGE_LOOP_ANALYSIS = YES;
				CLANG_WARN_STRICT_PROTOTYPES = YES;
				CLANG_WARN_SUSPICIOUS_MOVE = YES;
				CLANG_WARN_UNGUARDED_AVAILABILITY = YES_AGGRESSIVE;
				CLANG_WARN_UNREACHABLE_CODE = YES;
				CLANG_WARN__DUPLICATE_METHOD_MATCH = YES;
				COPY_PHASE_STRIP = NO;
				DEBUG_INFORMATION_FORMAT = "dwarf-with-dsym";
				ENABLE_NS_ASSERTIONS = NO;
				ENABLE_STRICT_OBJC_MSGSEND = YES;
				GCC_C_LANGUAGE_STANDARD = gnu11;
				GCC_NO_COMMON_BLOCKS = YES;
				GCC_WARN_64_TO_32_BIT_CONVERSION = YES;
				GCC_WARN_ABOUT_RETURN_TYPE = YES_ERROR;
				GCC_WARN_UNDECLARED_SELECTOR = YES;
				GCC_WARN_UNINITIALIZED_AUTOS = YES_AGGRESSIVE;
				GCC_WARN_UNUSED_FUNCTION = YES;
				GCC_WARN_UNUSED_VARIABLE = YES;
				IPHONEOS_DEPLOYMENT_TARGET = 14.0;
				MTL_ENABLE_DEBUG_INFO = NO;
				MTL_FAST_MATH = YES;
				SDKROOT = iphoneos;
				SWIFT_COMPILATION_MODE = wholemodule;
				SWIFT_OPTIMIZATION_LEVEL = "-O";
				VALIDATE_PRODUCT = YES;
			};
			name = Release;
		};
		CD23208B29B8C6EC003D0B84 /* Debug */ = {
			isa = XCBuildConfiguration;
			buildSettings = {
				ASSETCATALOG_COMPILER_APPICON_NAME = AppIcon;
				ASSETCATALOG_COMPILER_GLOBAL_ACCENT_COLOR_NAME = AccentColor;
				CODE_SIGN_STYLE = Automatic;
				CURRENT_PROJECT_VERSION = 1;
				DEVELOPMENT_TEAM = 846TMZL7WC;
				GENERATE_INFOPLIST_FILE = YES;
				INFOPLIST_FILE = Pointer_iOS/Info.plist;
				INFOPLIST_KEY_UIApplicationSupportsIndirectInputEvents = YES;
				INFOPLIST_KEY_UILaunchStoryboardName = LaunchScreen;
				INFOPLIST_KEY_UIStatusBarStyle = UIStatusBarStyleLightContent;
				INFOPLIST_KEY_UISupportedInterfaceOrientations = UIInterfaceOrientationPortrait;
				IPHONEOS_DEPLOYMENT_TARGET = 14.0;
				LD_RUNPATH_SEARCH_PATHS = (
					"$(inherited)",
					"@executable_path/Frameworks",
				);
				MARKETING_VERSION = 1.0;
				PRODUCT_BUNDLE_IDENTIFIER = "com.Pointer.Pointer-iOS";
				PRODUCT_NAME = "$(TARGET_NAME)";
				SWIFT_EMIT_LOC_STRINGS = YES;
				SWIFT_VERSION = 5.0;
				TARGETED_DEVICE_FAMILY = "1,2";
			};
			name = Debug;
		};
		CD23208C29B8C6EC003D0B84 /* Release */ = {
			isa = XCBuildConfiguration;
			buildSettings = {
				ASSETCATALOG_COMPILER_APPICON_NAME = AppIcon;
				ASSETCATALOG_COMPILER_GLOBAL_ACCENT_COLOR_NAME = AccentColor;
				CODE_SIGN_STYLE = Automatic;
				CURRENT_PROJECT_VERSION = 1;
				DEVELOPMENT_TEAM = 846TMZL7WC;
				GENERATE_INFOPLIST_FILE = YES;
				INFOPLIST_FILE = Pointer_iOS/Info.plist;
				INFOPLIST_KEY_UIApplicationSupportsIndirectInputEvents = YES;
				INFOPLIST_KEY_UILaunchStoryboardName = LaunchScreen;
				INFOPLIST_KEY_UIStatusBarStyle = UIStatusBarStyleLightContent;
				INFOPLIST_KEY_UISupportedInterfaceOrientations = UIInterfaceOrientationPortrait;
				IPHONEOS_DEPLOYMENT_TARGET = 14.0;
				LD_RUNPATH_SEARCH_PATHS = (
					"$(inherited)",
					"@executable_path/Frameworks",
				);
				MARKETING_VERSION = 1.0;
				PRODUCT_BUNDLE_IDENTIFIER = "com.Pointer.Pointer-iOS";
				PRODUCT_NAME = "$(TARGET_NAME)";
				SWIFT_EMIT_LOC_STRINGS = YES;
				SWIFT_VERSION = 5.0;
				TARGETED_DEVICE_FAMILY = "1,2";
			};
			name = Release;
		};
/* End XCBuildConfiguration section */

/* Begin XCConfigurationList section */
		CD23207129B8C6EB003D0B84 /* Build configuration list for PBXProject "Pointer_iOS" */ = {
			isa = XCConfigurationList;
			buildConfigurations = (
				CD23208829B8C6EC003D0B84 /* Debug */,
				CD23208929B8C6EC003D0B84 /* Release */,
			);
			defaultConfigurationIsVisible = 0;
			defaultConfigurationName = Release;
		};
		CD23208A29B8C6EC003D0B84 /* Build configuration list for PBXNativeTarget "Pointer_iOS" */ = {
			isa = XCConfigurationList;
			buildConfigurations = (
				CD23208B29B8C6EC003D0B84 /* Debug */,
				CD23208C29B8C6EC003D0B84 /* Release */,
			);
			defaultConfigurationIsVisible = 0;
			defaultConfigurationName = Release;
		};
/* End XCConfigurationList section */

/* Begin XCRemoteSwiftPackageReference section */
		47117CAC29CB0366001707C8 /* XCRemoteSwiftPackageReference "FloatingPanel" */ = {
			isa = XCRemoteSwiftPackageReference;
			repositoryURL = "https://github.com/scenee/FloatingPanel.git";
			requirement = {
				kind = upToNextMajorVersion;
				minimumVersion = 2.0.0;
			};
		};
		CD2DBEBC29C61D28005E377C /* XCRemoteSwiftPackageReference "BetterSegmentedControl" */ = {
			isa = XCRemoteSwiftPackageReference;
			repositoryURL = "https://github.com/gmarm/BetterSegmentedControl.git";
			requirement = {
				kind = upToNextMinorVersion;
				minimumVersion = 2.0.0;
			};
		};
		CD7A70F729BDE7F3003E140C /* XCRemoteSwiftPackageReference "RxSwift" */ = {
			isa = XCRemoteSwiftPackageReference;
			repositoryURL = "https://github.com/ReactiveX/RxSwift.git";
			requirement = {
				kind = upToNextMinorVersion;
				minimumVersion = 6.5.0;
			};
		};
		CDD1DEDE29B9FE2600B03973 /* XCRemoteSwiftPackageReference "SnapKit" */ = {
			isa = XCRemoteSwiftPackageReference;
			repositoryURL = "https://github.com/SnapKit/SnapKit.git";
			requirement = {
				kind = upToNextMinorVersion;
				minimumVersion = 5.6.0;
			};
		};
		CDD1DEEC29B9FFFE00B03973 /* XCRemoteSwiftPackageReference "Kingfisher" */ = {
			isa = XCRemoteSwiftPackageReference;
			repositoryURL = "https://github.com/onevcat/Kingfisher";
			requirement = {
				kind = upToNextMinorVersion;
				minimumVersion = 7.6.0;
			};
		};
/* End XCRemoteSwiftPackageReference section */

/* Begin XCSwiftPackageProductDependency section */
		47117CAD29CB0367001707C8 /* FloatingPanel */ = {
			isa = XCSwiftPackageProductDependency;
			package = 47117CAC29CB0366001707C8 /* XCRemoteSwiftPackageReference "FloatingPanel" */;
			productName = FloatingPanel;
		};
		CD2DBEBD29C61D28005E377C /* BetterSegmentedControl */ = {
			isa = XCSwiftPackageProductDependency;
			package = CD2DBEBC29C61D28005E377C /* XCRemoteSwiftPackageReference "BetterSegmentedControl" */;
			productName = BetterSegmentedControl;
		};
		CD7A70F829BDE7F3003E140C /* RxCocoa */ = {
			isa = XCSwiftPackageProductDependency;
			package = CD7A70F729BDE7F3003E140C /* XCRemoteSwiftPackageReference "RxSwift" */;
			productName = RxCocoa;
		};
		CD7A70FA29BDE7F3003E140C /* RxRelay */ = {
			isa = XCSwiftPackageProductDependency;
			package = CD7A70F729BDE7F3003E140C /* XCRemoteSwiftPackageReference "RxSwift" */;
			productName = RxRelay;
		};
		CD7A70FC29BDE7F3003E140C /* RxSwift */ = {
			isa = XCSwiftPackageProductDependency;
			package = CD7A70F729BDE7F3003E140C /* XCRemoteSwiftPackageReference "RxSwift" */;
			productName = RxSwift;
		};
		CDD1DEDF29B9FE2600B03973 /* SnapKit */ = {
			isa = XCSwiftPackageProductDependency;
			package = CDD1DEDE29B9FE2600B03973 /* XCRemoteSwiftPackageReference "SnapKit" */;
			productName = SnapKit;
		};
		CDD1DEED29B9FFFE00B03973 /* Kingfisher */ = {
			isa = XCSwiftPackageProductDependency;
			package = CDD1DEEC29B9FFFE00B03973 /* XCRemoteSwiftPackageReference "Kingfisher" */;
			productName = Kingfisher;
		};
/* End XCSwiftPackageProductDependency section */
	};
	rootObject = CD23206E29B8C6EB003D0B84 /* Project object */;
}
